// !$*UTF8*$!
{
	archiveVersion = 1;
	classes = {
	};
	objectVersion = 46;
	objects = {

/* Begin PBXBuildFile section */
		3B00E5681BA3782D0011486D /* CleanroomDataTransactions.framework in Frameworks */ = {isa = PBXBuildFile; fileRef = 3B00E55D1BA3782D0011486D /* CleanroomDataTransactions.framework */; };
		3B00E5861BA379830011486D /* CleanroomDataTransactions.framework in Frameworks */ = {isa = PBXBuildFile; fileRef = 3B00E57C1BA379830011486D /* CleanroomDataTransactions.framework */; };
		3B00E5A41BA37A420011486D /* CleanroomDataTransactions.framework in Frameworks */ = {isa = PBXBuildFile; fileRef = 3B00E59A1BA37A420011486D /* CleanroomDataTransactions.framework */; };
		3B1C815B1C59D67F006248E4 /* DataTransaction.swift in Sources */ = {isa = PBXBuildFile; fileRef = 3B1C813A1C59D67F006248E4 /* DataTransaction.swift */; };
		3B1C815C1C59D67F006248E4 /* DataTransaction.swift in Sources */ = {isa = PBXBuildFile; fileRef = 3B1C813A1C59D67F006248E4 /* DataTransaction.swift */; };
		3B1C815D1C59D67F006248E4 /* DataTransaction.swift in Sources */ = {isa = PBXBuildFile; fileRef = 3B1C813A1C59D67F006248E4 /* DataTransaction.swift */; };
		3B1C815E1C59D67F006248E4 /* DataTransaction.swift in Sources */ = {isa = PBXBuildFile; fileRef = 3B1C813A1C59D67F006248E4 /* DataTransaction.swift */; };
		3B1C815F1C59D67F006248E4 /* DataTransactionError.swift in Sources */ = {isa = PBXBuildFile; fileRef = 3B1C813B1C59D67F006248E4 /* DataTransactionError.swift */; };
		3B1C81601C59D67F006248E4 /* DataTransactionError.swift in Sources */ = {isa = PBXBuildFile; fileRef = 3B1C813B1C59D67F006248E4 /* DataTransactionError.swift */; };
		3B1C81611C59D67F006248E4 /* DataTransactionError.swift in Sources */ = {isa = PBXBuildFile; fileRef = 3B1C813B1C59D67F006248E4 /* DataTransactionError.swift */; };
		3B1C81621C59D67F006248E4 /* DataTransactionError.swift in Sources */ = {isa = PBXBuildFile; fileRef = 3B1C813B1C59D67F006248E4 /* DataTransactionError.swift */; };
		3B1C81631C59D67F006248E4 /* HTTPResponseMetadata.swift in Sources */ = {isa = PBXBuildFile; fileRef = 3B1C813C1C59D67F006248E4 /* HTTPResponseMetadata.swift */; };
		3B1C81641C59D67F006248E4 /* HTTPResponseMetadata.swift in Sources */ = {isa = PBXBuildFile; fileRef = 3B1C813C1C59D67F006248E4 /* HTTPResponseMetadata.swift */; };
		3B1C81651C59D67F006248E4 /* HTTPResponseMetadata.swift in Sources */ = {isa = PBXBuildFile; fileRef = 3B1C813C1C59D67F006248E4 /* HTTPResponseMetadata.swift */; };
		3B1C81661C59D67F006248E4 /* HTTPResponseMetadata.swift in Sources */ = {isa = PBXBuildFile; fileRef = 3B1C813C1C59D67F006248E4 /* HTTPResponseMetadata.swift */; };
		3B1C816B1C59D67F006248E4 /* JSONTransaction.swift in Sources */ = {isa = PBXBuildFile; fileRef = 3B1C813E1C59D67F006248E4 /* JSONTransaction.swift */; };
		3B1C816C1C59D67F006248E4 /* JSONTransaction.swift in Sources */ = {isa = PBXBuildFile; fileRef = 3B1C813E1C59D67F006248E4 /* JSONTransaction.swift */; };
		3B1C816D1C59D67F006248E4 /* JSONTransaction.swift in Sources */ = {isa = PBXBuildFile; fileRef = 3B1C813E1C59D67F006248E4 /* JSONTransaction.swift */; };
		3B1C816E1C59D67F006248E4 /* JSONTransaction.swift in Sources */ = {isa = PBXBuildFile; fileRef = 3B1C813E1C59D67F006248E4 /* JSONTransaction.swift */; };
		3B1C818B1C59D67F006248E4 /* URLTransaction.swift in Sources */ = {isa = PBXBuildFile; fileRef = 3B1C81481C59D67F006248E4 /* URLTransaction.swift */; };
		3B1C818C1C59D67F006248E4 /* URLTransaction.swift in Sources */ = {isa = PBXBuildFile; fileRef = 3B1C81481C59D67F006248E4 /* URLTransaction.swift */; };
		3B1C818D1C59D67F006248E4 /* URLTransaction.swift in Sources */ = {isa = PBXBuildFile; fileRef = 3B1C81481C59D67F006248E4 /* URLTransaction.swift */; };
		3B1C818E1C59D67F006248E4 /* URLTransaction.swift in Sources */ = {isa = PBXBuildFile; fileRef = 3B1C81481C59D67F006248E4 /* URLTransaction.swift */; };
		3B3346F41C5C035A00A11BFB /* JSONOptionalTransaction.swift in Sources */ = {isa = PBXBuildFile; fileRef = 3B3346F31C5C035A00A11BFB /* JSONOptionalTransaction.swift */; };
		3B3346F51C5C035A00A11BFB /* JSONOptionalTransaction.swift in Sources */ = {isa = PBXBuildFile; fileRef = 3B3346F31C5C035A00A11BFB /* JSONOptionalTransaction.swift */; };
		3B3346F61C5C035A00A11BFB /* JSONOptionalTransaction.swift in Sources */ = {isa = PBXBuildFile; fileRef = 3B3346F31C5C035A00A11BFB /* JSONOptionalTransaction.swift */; };
		3B3346F71C5C035A00A11BFB /* JSONOptionalTransaction.swift in Sources */ = {isa = PBXBuildFile; fileRef = 3B3346F31C5C035A00A11BFB /* JSONOptionalTransaction.swift */; };
		3B3346FC1C5C044F00A11BFB /* ApiDocOptionalTransaction.swift in Sources */ = {isa = PBXBuildFile; fileRef = 3B3346FB1C5C044F00A11BFB /* ApiDocOptionalTransaction.swift */; };
		3B3346FD1C5C044F00A11BFB /* ApiDocOptionalTransaction.swift in Sources */ = {isa = PBXBuildFile; fileRef = 3B3346FB1C5C044F00A11BFB /* ApiDocOptionalTransaction.swift */; };
		3B3346FE1C5C044F00A11BFB /* ApiDocOptionalTransaction.swift in Sources */ = {isa = PBXBuildFile; fileRef = 3B3346FB1C5C044F00A11BFB /* ApiDocOptionalTransaction.swift */; };
		3B3346FF1C5C044F00A11BFB /* ApiDocOptionalTransaction.swift in Sources */ = {isa = PBXBuildFile; fileRef = 3B3346FB1C5C044F00A11BFB /* ApiDocOptionalTransaction.swift */; };
		3B4E1CA31C59E24F00C4A7F3 /* HTTPResponseStatus.swift in Sources */ = {isa = PBXBuildFile; fileRef = 3B4E1CA21C59E24F00C4A7F3 /* HTTPResponseStatus.swift */; };
		3B4E1CA41C59E24F00C4A7F3 /* HTTPResponseStatus.swift in Sources */ = {isa = PBXBuildFile; fileRef = 3B4E1CA21C59E24F00C4A7F3 /* HTTPResponseStatus.swift */; };
		3B4E1CA51C59E24F00C4A7F3 /* HTTPResponseStatus.swift in Sources */ = {isa = PBXBuildFile; fileRef = 3B4E1CA21C59E24F00C4A7F3 /* HTTPResponseStatus.swift */; };
		3B4E1CA61C59E24F00C4A7F3 /* HTTPResponseStatus.swift in Sources */ = {isa = PBXBuildFile; fileRef = 3B4E1CA21C59E24F00C4A7F3 /* HTTPResponseStatus.swift */; };
		3B4E1CBA1C5A7E9900C4A7F3 /* JSONPayloadProcessing.swift in Sources */ = {isa = PBXBuildFile; fileRef = 3B4E1CB91C5A7E9900C4A7F3 /* JSONPayloadProcessing.swift */; };
		3B4E1CBB1C5A7E9900C4A7F3 /* JSONPayloadProcessing.swift in Sources */ = {isa = PBXBuildFile; fileRef = 3B4E1CB91C5A7E9900C4A7F3 /* JSONPayloadProcessing.swift */; };
		3B4E1CBC1C5A7E9900C4A7F3 /* JSONPayloadProcessing.swift in Sources */ = {isa = PBXBuildFile; fileRef = 3B4E1CB91C5A7E9900C4A7F3 /* JSONPayloadProcessing.swift */; };
		3B4E1CBD1C5A7E9900C4A7F3 /* JSONPayloadProcessing.swift in Sources */ = {isa = PBXBuildFile; fileRef = 3B4E1CB91C5A7E9900C4A7F3 /* JSONPayloadProcessing.swift */; };
		3B4E1CC51C5A7F1200C4A7F3 /* HTTPStatusCodeHandling.swift in Sources */ = {isa = PBXBuildFile; fileRef = 3B4E1CC41C5A7F1200C4A7F3 /* HTTPStatusCodeHandling.swift */; };
		3B4E1CC61C5A7F1200C4A7F3 /* HTTPStatusCodeHandling.swift in Sources */ = {isa = PBXBuildFile; fileRef = 3B4E1CC41C5A7F1200C4A7F3 /* HTTPStatusCodeHandling.swift */; };
		3B4E1CC71C5A7F1200C4A7F3 /* HTTPStatusCodeHandling.swift in Sources */ = {isa = PBXBuildFile; fileRef = 3B4E1CC41C5A7F1200C4A7F3 /* HTTPStatusCodeHandling.swift */; };
		3B4E1CC81C5A7F1200C4A7F3 /* HTTPStatusCodeHandling.swift in Sources */ = {isa = PBXBuildFile; fileRef = 3B4E1CC41C5A7F1200C4A7F3 /* HTTPStatusCodeHandling.swift */; };
		3B4E1CCB1C5A909500C4A7F3 /* GenericDataProcessingTransaction.swift in Sources */ = {isa = PBXBuildFile; fileRef = 3B4E1CCA1C5A909500C4A7F3 /* GenericDataProcessingTransaction.swift */; };
		3B4E1CCC1C5A909500C4A7F3 /* GenericDataProcessingTransaction.swift in Sources */ = {isa = PBXBuildFile; fileRef = 3B4E1CCA1C5A909500C4A7F3 /* GenericDataProcessingTransaction.swift */; };
		3B4E1CCD1C5A909500C4A7F3 /* GenericDataProcessingTransaction.swift in Sources */ = {isa = PBXBuildFile; fileRef = 3B4E1CCA1C5A909500C4A7F3 /* GenericDataProcessingTransaction.swift */; };
		3B4E1CCE1C5A909500C4A7F3 /* GenericDataProcessingTransaction.swift in Sources */ = {isa = PBXBuildFile; fileRef = 3B4E1CCA1C5A909500C4A7F3 /* GenericDataProcessingTransaction.swift */; };
		3B4E1CD01C5AAD3500C4A7F3 /* WrappingDataTransaction.swift in Sources */ = {isa = PBXBuildFile; fileRef = 3B4E1CCF1C5AAD3500C4A7F3 /* WrappingDataTransaction.swift */; };
		3B4E1CD11C5AAD3500C4A7F3 /* WrappingDataTransaction.swift in Sources */ = {isa = PBXBuildFile; fileRef = 3B4E1CCF1C5AAD3500C4A7F3 /* WrappingDataTransaction.swift */; };
		3B4E1CD21C5AAD3500C4A7F3 /* WrappingDataTransaction.swift in Sources */ = {isa = PBXBuildFile; fileRef = 3B4E1CCF1C5AAD3500C4A7F3 /* WrappingDataTransaction.swift */; };
		3B4E1CD31C5AAD3500C4A7F3 /* WrappingDataTransaction.swift in Sources */ = {isa = PBXBuildFile; fileRef = 3B4E1CCF1C5AAD3500C4A7F3 /* WrappingDataTransaction.swift */; };
		3B4E1CD81C5AB1C700C4A7F3 /* FetchImageTransaction.swift in Sources */ = {isa = PBXBuildFile; fileRef = 3B4E1CD71C5AB1C700C4A7F3 /* FetchImageTransaction.swift */; };
		3B4E1CD91C5AB1C700C4A7F3 /* FetchImageTransaction.swift in Sources */ = {isa = PBXBuildFile; fileRef = 3B4E1CD71C5AB1C700C4A7F3 /* FetchImageTransaction.swift */; };
		3B4E1CDA1C5AB1C700C4A7F3 /* FetchImageTransaction.swift in Sources */ = {isa = PBXBuildFile; fileRef = 3B4E1CD71C5AB1C700C4A7F3 /* FetchImageTransaction.swift */; };
		3B4E1CDD1C5AB4C000C4A7F3 /* ImageConstruction.swift in Sources */ = {isa = PBXBuildFile; fileRef = 3B4E1CDC1C5AB4C000C4A7F3 /* ImageConstruction.swift */; };
		3B4E1CDE1C5AB4C000C4A7F3 /* ImageConstruction.swift in Sources */ = {isa = PBXBuildFile; fileRef = 3B4E1CDC1C5AB4C000C4A7F3 /* ImageConstruction.swift */; };
		3B4E1CDF1C5AB4C000C4A7F3 /* ImageConstruction.swift in Sources */ = {isa = PBXBuildFile; fileRef = 3B4E1CDC1C5AB4C000C4A7F3 /* ImageConstruction.swift */; };
		3B4E1CE31C5ABBE300C4A7F3 /* ApiDocTransaction.swift in Sources */ = {isa = PBXBuildFile; fileRef = 3B4E1CE21C5ABBE300C4A7F3 /* ApiDocTransaction.swift */; };
		3B4E1CE41C5ABBE300C4A7F3 /* ApiDocTransaction.swift in Sources */ = {isa = PBXBuildFile; fileRef = 3B4E1CE21C5ABBE300C4A7F3 /* ApiDocTransaction.swift */; };
		3B4E1CE51C5ABBE300C4A7F3 /* ApiDocTransaction.swift in Sources */ = {isa = PBXBuildFile; fileRef = 3B4E1CE21C5ABBE300C4A7F3 /* ApiDocTransaction.swift */; };
		3B4E1CE61C5ABBE300C4A7F3 /* ApiDocTransaction.swift in Sources */ = {isa = PBXBuildFile; fileRef = 3B4E1CE21C5ABBE300C4A7F3 /* ApiDocTransaction.swift */; };
		3B6FB1131C616CBB001F50BF /* DefaultQueueProvider.swift in Sources */ = {isa = PBXBuildFile; fileRef = 3B6FB1121C616CBB001F50BF /* DefaultQueueProvider.swift */; };
		3B6FB1141C616CBB001F50BF /* DefaultQueueProvider.swift in Sources */ = {isa = PBXBuildFile; fileRef = 3B6FB1121C616CBB001F50BF /* DefaultQueueProvider.swift */; };
		3B6FB1151C616CBB001F50BF /* DefaultQueueProvider.swift in Sources */ = {isa = PBXBuildFile; fileRef = 3B6FB1121C616CBB001F50BF /* DefaultQueueProvider.swift */; };
		3B6FB1161C616CBB001F50BF /* DefaultQueueProvider.swift in Sources */ = {isa = PBXBuildFile; fileRef = 3B6FB1121C616CBB001F50BF /* DefaultQueueProvider.swift */; };
		3B78C6B91BA762FD00173EAC /* CleanroomDataTransactionsUnitTests.swift in Sources */ = {isa = PBXBuildFile; fileRef = 3B78C6B81BA762FD00173EAC /* CleanroomDataTransactionsUnitTests.swift */; };
		3B78C6BA1BA762FD00173EAC /* CleanroomDataTransactionsUnitTests.swift in Sources */ = {isa = PBXBuildFile; fileRef = 3B78C6B81BA762FD00173EAC /* CleanroomDataTransactionsUnitTests.swift */; };
		3B78C6BB1BA762FD00173EAC /* CleanroomDataTransactionsUnitTests.swift in Sources */ = {isa = PBXBuildFile; fileRef = 3B78C6B81BA762FD00173EAC /* CleanroomDataTransactionsUnitTests.swift */; };
		3BA8DD0C1C616732005DC1A4 /* QueueProvider.swift in Sources */ = {isa = PBXBuildFile; fileRef = 3BA8DD0B1C616732005DC1A4 /* QueueProvider.swift */; };
		3BA8DD0D1C616732005DC1A4 /* QueueProvider.swift in Sources */ = {isa = PBXBuildFile; fileRef = 3BA8DD0B1C616732005DC1A4 /* QueueProvider.swift */; };
		3BA8DD0E1C616732005DC1A4 /* QueueProvider.swift in Sources */ = {isa = PBXBuildFile; fileRef = 3BA8DD0B1C616732005DC1A4 /* QueueProvider.swift */; };
		3BA8DD0F1C616732005DC1A4 /* QueueProvider.swift in Sources */ = {isa = PBXBuildFile; fileRef = 3BA8DD0B1C616732005DC1A4 /* QueueProvider.swift */; };
/* End PBXBuildFile section */

/* Begin PBXContainerItemProxy section */
		3B00E5691BA3782D0011486D /* PBXContainerItemProxy */ = {
			isa = PBXContainerItemProxy;
			containerPortal = 3BCBACE21BA369AD007F1C90 /* Project object */;
			proxyType = 1;
			remoteGlobalIDString = 3B00E55C1BA3782D0011486D;
			remoteInfo = "CleanroomDataTransactions-iOS";
		};
		3B00E5871BA379830011486D /* PBXContainerItemProxy */ = {
			isa = PBXContainerItemProxy;
			containerPortal = 3BCBACE21BA369AD007F1C90 /* Project object */;
			proxyType = 1;
			remoteGlobalIDString = 3B00E57B1BA379830011486D;
			remoteInfo = "CleanroomDataTransactions-OSX";
		};
		3B00E5A51BA37A420011486D /* PBXContainerItemProxy */ = {
			isa = PBXContainerItemProxy;
			containerPortal = 3BCBACE21BA369AD007F1C90 /* Project object */;
			proxyType = 1;
			remoteGlobalIDString = 3B00E5991BA37A420011486D;
			remoteInfo = "CleanroomDataTransactions-tvOS";
		};
/* End PBXContainerItemProxy section */

/* Begin PBXFileReference section */
		3B00E4D01BA36B840011486D /* Info-Framework.plist */ = {isa = PBXFileReference; lastKnownFileType = text.plist.xml; path = "Info-Framework.plist"; sourceTree = "<group>"; };
		3B00E4D11BA36B840011486D /* Info-Tests.plist */ = {isa = PBXFileReference; lastKnownFileType = text.plist.xml; path = "Info-Tests.plist"; sourceTree = "<group>"; };
		3B00E55D1BA3782D0011486D /* CleanroomDataTransactions.framework */ = {isa = PBXFileReference; explicitFileType = wrapper.framework; includeInIndex = 0; path = CleanroomDataTransactions.framework; sourceTree = BUILT_PRODUCTS_DIR; };
		3B00E5671BA3782D0011486D /* CleanroomDataTransactionsUnitTests.xctest */ = {isa = PBXFileReference; explicitFileType = wrapper.cfbundle; includeInIndex = 0; path = CleanroomDataTransactionsUnitTests.xctest; sourceTree = BUILT_PRODUCTS_DIR; };
		3B00E57C1BA379830011486D /* CleanroomDataTransactions.framework */ = {isa = PBXFileReference; explicitFileType = wrapper.framework; includeInIndex = 0; path = CleanroomDataTransactions.framework; sourceTree = BUILT_PRODUCTS_DIR; };
		3B00E5851BA379830011486D /* CleanroomDataTransactionsUnitTests.xctest */ = {isa = PBXFileReference; explicitFileType = wrapper.cfbundle; includeInIndex = 0; path = CleanroomDataTransactionsUnitTests.xctest; sourceTree = BUILT_PRODUCTS_DIR; };
		3B00E59A1BA37A420011486D /* CleanroomDataTransactions.framework */ = {isa = PBXFileReference; explicitFileType = wrapper.framework; includeInIndex = 0; path = CleanroomDataTransactions.framework; sourceTree = BUILT_PRODUCTS_DIR; };
		3B00E5A31BA37A420011486D /* CleanroomDataTransactionsUnitTests.xctest */ = {isa = PBXFileReference; explicitFileType = wrapper.cfbundle; includeInIndex = 0; path = CleanroomDataTransactionsUnitTests.xctest; sourceTree = BUILT_PRODUCTS_DIR; };
		3B1C813A1C59D67F006248E4 /* DataTransaction.swift */ = {isa = PBXFileReference; fileEncoding = 4; lastKnownFileType = sourcecode.swift; path = DataTransaction.swift; sourceTree = "<group>"; };
		3B1C813B1C59D67F006248E4 /* DataTransactionError.swift */ = {isa = PBXFileReference; fileEncoding = 4; lastKnownFileType = sourcecode.swift; path = DataTransactionError.swift; sourceTree = "<group>"; };
		3B1C813C1C59D67F006248E4 /* HTTPResponseMetadata.swift */ = {isa = PBXFileReference; fileEncoding = 4; lastKnownFileType = sourcecode.swift; path = HTTPResponseMetadata.swift; sourceTree = "<group>"; };
		3B1C813E1C59D67F006248E4 /* JSONTransaction.swift */ = {isa = PBXFileReference; fileEncoding = 4; lastKnownFileType = sourcecode.swift; path = JSONTransaction.swift; sourceTree = "<group>"; };
		3B1C81481C59D67F006248E4 /* URLTransaction.swift */ = {isa = PBXFileReference; fileEncoding = 4; lastKnownFileType = sourcecode.swift; path = URLTransaction.swift; sourceTree = "<group>"; };
		3B3346F31C5C035A00A11BFB /* JSONOptionalTransaction.swift */ = {isa = PBXFileReference; fileEncoding = 4; lastKnownFileType = sourcecode.swift; path = JSONOptionalTransaction.swift; sourceTree = "<group>"; };
		3B3346FB1C5C044F00A11BFB /* ApiDocOptionalTransaction.swift */ = {isa = PBXFileReference; fileEncoding = 4; lastKnownFileType = sourcecode.swift; path = ApiDocOptionalTransaction.swift; sourceTree = "<group>"; };
		3B38DBD01BA76428000986DF /* Debug-iOS.xcconfig */ = {isa = PBXFileReference; lastKnownFileType = text.xcconfig; path = "Debug-iOS.xcconfig"; sourceTree = "<group>"; };
		3B38DBD11BA76428000986DF /* Debug-OSX.xcconfig */ = {isa = PBXFileReference; lastKnownFileType = text.xcconfig; path = "Debug-OSX.xcconfig"; sourceTree = "<group>"; };
		3B38DBD21BA76428000986DF /* Debug-tvOS.xcconfig */ = {isa = PBXFileReference; lastKnownFileType = text.xcconfig; path = "Debug-tvOS.xcconfig"; sourceTree = "<group>"; };
		3B38DBD31BA76428000986DF /* Debug-watchOS.xcconfig */ = {isa = PBXFileReference; lastKnownFileType = text.xcconfig; path = "Debug-watchOS.xcconfig"; sourceTree = "<group>"; };
		3B38DBD41BA76428000986DF /* Debug.xcconfig */ = {isa = PBXFileReference; lastKnownFileType = text.xcconfig; path = Debug.xcconfig; sourceTree = "<group>"; };
		3B38DBD51BA76428000986DF /* Framework.xcconfig */ = {isa = PBXFileReference; lastKnownFileType = text.xcconfig; path = Framework.xcconfig; sourceTree = "<group>"; };
		3B38DBD61BA76428000986DF /* iOS.xcconfig */ = {isa = PBXFileReference; lastKnownFileType = text.xcconfig; path = iOS.xcconfig; sourceTree = "<group>"; };
		3B38DBD71BA76428000986DF /* OSX.xcconfig */ = {isa = PBXFileReference; lastKnownFileType = text.xcconfig; path = OSX.xcconfig; sourceTree = "<group>"; };
		3B38DBD81BA76428000986DF /* Project.xcconfig */ = {isa = PBXFileReference; lastKnownFileType = text.xcconfig; path = Project.xcconfig; sourceTree = "<group>"; };
		3B38DBD91BA76428000986DF /* Release-iOS.xcconfig */ = {isa = PBXFileReference; lastKnownFileType = text.xcconfig; path = "Release-iOS.xcconfig"; sourceTree = "<group>"; };
		3B38DBDA1BA76428000986DF /* Release-OSX.xcconfig */ = {isa = PBXFileReference; lastKnownFileType = text.xcconfig; path = "Release-OSX.xcconfig"; sourceTree = "<group>"; };
		3B38DBDB1BA76428000986DF /* Release-tvOS.xcconfig */ = {isa = PBXFileReference; lastKnownFileType = text.xcconfig; path = "Release-tvOS.xcconfig"; sourceTree = "<group>"; };
		3B38DBDC1BA76428000986DF /* Release-watchOS.xcconfig */ = {isa = PBXFileReference; lastKnownFileType = text.xcconfig; path = "Release-watchOS.xcconfig"; sourceTree = "<group>"; };
		3B38DBDD1BA76428000986DF /* Release.xcconfig */ = {isa = PBXFileReference; lastKnownFileType = text.xcconfig; path = Release.xcconfig; sourceTree = "<group>"; };
		3B38DBDE1BA76428000986DF /* Tests-iOS.xcconfig */ = {isa = PBXFileReference; lastKnownFileType = text.xcconfig; path = "Tests-iOS.xcconfig"; sourceTree = "<group>"; };
		3B38DBDF1BA76428000986DF /* Tests-OSX.xcconfig */ = {isa = PBXFileReference; lastKnownFileType = text.xcconfig; path = "Tests-OSX.xcconfig"; sourceTree = "<group>"; };
		3B38DBE01BA76428000986DF /* Tests-tvOS.xcconfig */ = {isa = PBXFileReference; lastKnownFileType = text.xcconfig; path = "Tests-tvOS.xcconfig"; sourceTree = "<group>"; };
		3B38DBE11BA76428000986DF /* Tests.xcconfig */ = {isa = PBXFileReference; lastKnownFileType = text.xcconfig; path = Tests.xcconfig; sourceTree = "<group>"; };
		3B38DBE21BA76428000986DF /* tvOS.xcconfig */ = {isa = PBXFileReference; lastKnownFileType = text.xcconfig; path = tvOS.xcconfig; sourceTree = "<group>"; };
		3B38DBE31BA76428000986DF /* watchOS.xcconfig */ = {isa = PBXFileReference; lastKnownFileType = text.xcconfig; path = watchOS.xcconfig; sourceTree = "<group>"; };
		3B4E1CA21C59E24F00C4A7F3 /* HTTPResponseStatus.swift */ = {isa = PBXFileReference; fileEncoding = 4; lastKnownFileType = sourcecode.swift; path = HTTPResponseStatus.swift; sourceTree = "<group>"; };
		3B4E1CB91C5A7E9900C4A7F3 /* JSONPayloadProcessing.swift */ = {isa = PBXFileReference; fileEncoding = 4; lastKnownFileType = sourcecode.swift; path = JSONPayloadProcessing.swift; sourceTree = "<group>"; };
		3B4E1CC41C5A7F1200C4A7F3 /* HTTPStatusCodeHandling.swift */ = {isa = PBXFileReference; fileEncoding = 4; lastKnownFileType = sourcecode.swift; path = HTTPStatusCodeHandling.swift; sourceTree = "<group>"; };
		3B4E1CCA1C5A909500C4A7F3 /* GenericDataProcessingTransaction.swift */ = {isa = PBXFileReference; fileEncoding = 4; lastKnownFileType = sourcecode.swift; path = GenericDataProcessingTransaction.swift; sourceTree = "<group>"; };
		3B4E1CCF1C5AAD3500C4A7F3 /* WrappingDataTransaction.swift */ = {isa = PBXFileReference; fileEncoding = 4; lastKnownFileType = sourcecode.swift; path = WrappingDataTransaction.swift; sourceTree = "<group>"; };
		3B4E1CD71C5AB1C700C4A7F3 /* FetchImageTransaction.swift */ = {isa = PBXFileReference; fileEncoding = 4; lastKnownFileType = sourcecode.swift; path = FetchImageTransaction.swift; sourceTree = "<group>"; };
		3B4E1CDC1C5AB4C000C4A7F3 /* ImageConstruction.swift */ = {isa = PBXFileReference; fileEncoding = 4; lastKnownFileType = sourcecode.swift; path = ImageConstruction.swift; sourceTree = "<group>"; };
		3B4E1CE21C5ABBE300C4A7F3 /* ApiDocTransaction.swift */ = {isa = PBXFileReference; fileEncoding = 4; lastKnownFileType = sourcecode.swift; path = ApiDocTransaction.swift; sourceTree = "<group>"; };
		3B6FB1121C616CBB001F50BF /* DefaultQueueProvider.swift */ = {isa = PBXFileReference; fileEncoding = 4; lastKnownFileType = sourcecode.swift; path = DefaultQueueProvider.swift; sourceTree = "<group>"; };
		3B78C6B81BA762FD00173EAC /* CleanroomDataTransactionsUnitTests.swift */ = {isa = PBXFileReference; fileEncoding = 4; lastKnownFileType = sourcecode.swift; path = CleanroomDataTransactionsUnitTests.swift; sourceTree = "<group>"; };
		3B78C6CE1BA7634E00173EAC /* CleanroomDataTransactions.framework */ = {isa = PBXFileReference; explicitFileType = wrapper.framework; includeInIndex = 0; path = CleanroomDataTransactions.framework; sourceTree = BUILT_PRODUCTS_DIR; };
		3BA8DD0B1C616732005DC1A4 /* QueueProvider.swift */ = {isa = PBXFileReference; fileEncoding = 4; lastKnownFileType = sourcecode.swift; path = QueueProvider.swift; sourceTree = "<group>"; };
/* End PBXFileReference section */

/* Begin PBXFrameworksBuildPhase section */
		3B00E5591BA3782D0011486D /* Frameworks */ = {
			isa = PBXFrameworksBuildPhase;
			buildActionMask = 2147483647;
			files = (
			);
			runOnlyForDeploymentPostprocessing = 0;
		};
		3B00E5641BA3782D0011486D /* Frameworks */ = {
			isa = PBXFrameworksBuildPhase;
			buildActionMask = 2147483647;
			files = (
				3B00E5681BA3782D0011486D /* CleanroomDataTransactions.framework in Frameworks */,
			);
			runOnlyForDeploymentPostprocessing = 0;
		};
		3B00E5781BA379830011486D /* Frameworks */ = {
			isa = PBXFrameworksBuildPhase;
			buildActionMask = 2147483647;
			files = (
			);
			runOnlyForDeploymentPostprocessing = 0;
		};
		3B00E5821BA379830011486D /* Frameworks */ = {
			isa = PBXFrameworksBuildPhase;
			buildActionMask = 2147483647;
			files = (
				3B00E5861BA379830011486D /* CleanroomDataTransactions.framework in Frameworks */,
			);
			runOnlyForDeploymentPostprocessing = 0;
		};
		3B00E5961BA37A420011486D /* Frameworks */ = {
			isa = PBXFrameworksBuildPhase;
			buildActionMask = 2147483647;
			files = (
			);
			runOnlyForDeploymentPostprocessing = 0;
		};
		3B00E5A01BA37A420011486D /* Frameworks */ = {
			isa = PBXFrameworksBuildPhase;
			buildActionMask = 2147483647;
			files = (
				3B00E5A41BA37A420011486D /* CleanroomDataTransactions.framework in Frameworks */,
			);
			runOnlyForDeploymentPostprocessing = 0;
		};
		3B78C6CA1BA7634E00173EAC /* Frameworks */ = {
			isa = PBXFrameworksBuildPhase;
			buildActionMask = 2147483647;
			files = (
			);
			runOnlyForDeploymentPostprocessing = 0;
		};
/* End PBXFrameworksBuildPhase section */

/* Begin PBXGroup section */
		3B00E4B91BA36B840011486D /* BuildControl */ = {
			isa = PBXGroup;
			children = (
				3B00E4BE1BA36B840011486D /* config */,
				3B00E4D01BA36B840011486D /* Info-Framework.plist */,
				3B00E4D11BA36B840011486D /* Info-Tests.plist */,
			);
			path = BuildControl;
			sourceTree = "<group>";
		};
		3B00E4BE1BA36B840011486D /* config */ = {
			isa = PBXGroup;
			children = (
				3B38DBD01BA76428000986DF /* Debug-iOS.xcconfig */,
				3B38DBD11BA76428000986DF /* Debug-OSX.xcconfig */,
				3B38DBD21BA76428000986DF /* Debug-tvOS.xcconfig */,
				3B38DBD31BA76428000986DF /* Debug-watchOS.xcconfig */,
				3B38DBD41BA76428000986DF /* Debug.xcconfig */,
				3B38DBD51BA76428000986DF /* Framework.xcconfig */,
				3B38DBD61BA76428000986DF /* iOS.xcconfig */,
				3B38DBD71BA76428000986DF /* OSX.xcconfig */,
				3B38DBD81BA76428000986DF /* Project.xcconfig */,
				3B38DBD91BA76428000986DF /* Release-iOS.xcconfig */,
				3B38DBDA1BA76428000986DF /* Release-OSX.xcconfig */,
				3B38DBDB1BA76428000986DF /* Release-tvOS.xcconfig */,
				3B38DBDC1BA76428000986DF /* Release-watchOS.xcconfig */,
				3B38DBDD1BA76428000986DF /* Release.xcconfig */,
				3B38DBDE1BA76428000986DF /* Tests-iOS.xcconfig */,
				3B38DBDF1BA76428000986DF /* Tests-OSX.xcconfig */,
				3B38DBE01BA76428000986DF /* Tests-tvOS.xcconfig */,
				3B38DBE11BA76428000986DF /* Tests.xcconfig */,
				3B38DBE21BA76428000986DF /* tvOS.xcconfig */,
				3B38DBE31BA76428000986DF /* watchOS.xcconfig */,
			);
			path = config;
			sourceTree = "<group>";
		};
		3B00E4D51BA36B840011486D /* Tests */ = {
			isa = PBXGroup;
			children = (
				3B78C6B81BA762FD00173EAC /* CleanroomDataTransactionsUnitTests.swift */,
			);
			path = Tests;
			sourceTree = "<group>";
		};
		3B00E55E1BA3782D0011486D /* Products */ = {
			isa = PBXGroup;
			children = (
				3B00E55D1BA3782D0011486D /* CleanroomDataTransactions.framework */,
				3B00E5671BA3782D0011486D /* CleanroomDataTransactionsUnitTests.xctest */,
				3B00E57C1BA379830011486D /* CleanroomDataTransactions.framework */,
				3B00E5851BA379830011486D /* CleanroomDataTransactionsUnitTests.xctest */,
				3B00E59A1BA37A420011486D /* CleanroomDataTransactions.framework */,
				3B00E5A31BA37A420011486D /* CleanroomDataTransactionsUnitTests.xctest */,
				3B78C6CE1BA7634E00173EAC /* CleanroomDataTransactions.framework */,
			);
			name = Products;
			sourceTree = "<group>";
		};
		3B1C81331C59D67F006248E4 /* Sources */ = {
			isa = PBXGroup;
			children = (
				3B1C813A1C59D67F006248E4 /* DataTransaction.swift */,
				3B1C813B1C59D67F006248E4 /* DataTransactionError.swift */,
				3B4E1CCA1C5A909500C4A7F3 /* GenericDataProcessingTransaction.swift */,
				3B1C81481C59D67F006248E4 /* URLTransaction.swift */,
				3B4E1CCF1C5AAD3500C4A7F3 /* WrappingDataTransaction.swift */,
				3B4E1CE71C5ABBE500C4A7F3 /* ApiDoc */,
				3B6FB10E1C61675A001F50BF /* AsyncQueues */,
				3B4E1CD41C5AAFCA00C4A7F3 /* HTTP */,
				3B4E1CD61C5AAFD500C4A7F3 /* Images */,
				3B4E1CD51C5AAFD000C4A7F3 /* JSON */,
			);
			path = Sources;
			sourceTree = "<group>";
		};
		3B4E1CD41C5AAFCA00C4A7F3 /* HTTP */ = {
			isa = PBXGroup;
			children = (
				3B1C813C1C59D67F006248E4 /* HTTPResponseMetadata.swift */,
				3B4E1CA21C59E24F00C4A7F3 /* HTTPResponseStatus.swift */,
				3B4E1CC41C5A7F1200C4A7F3 /* HTTPStatusCodeHandling.swift */,
			);
			name = HTTP;
			sourceTree = "<group>";
		};
		3B4E1CD51C5AAFD000C4A7F3 /* JSON */ = {
			isa = PBXGroup;
			children = (
				3B3346F31C5C035A00A11BFB /* JSONOptionalTransaction.swift */,
				3B4E1CB91C5A7E9900C4A7F3 /* JSONPayloadProcessing.swift */,
				3B1C813E1C59D67F006248E4 /* JSONTransaction.swift */,
			);
			name = JSON;
			sourceTree = "<group>";
		};
		3B4E1CD61C5AAFD500C4A7F3 /* Images */ = {
			isa = PBXGroup;
			children = (
				3B4E1CD71C5AB1C700C4A7F3 /* FetchImageTransaction.swift */,
				3B4E1CDC1C5AB4C000C4A7F3 /* ImageConstruction.swift */,
			);
			name = Images;
			sourceTree = "<group>";
		};
		3B4E1CE71C5ABBE500C4A7F3 /* ApiDoc */ = {
			isa = PBXGroup;
			children = (
				3B3346FB1C5C044F00A11BFB /* ApiDocOptionalTransaction.swift */,
				3B4E1CE21C5ABBE300C4A7F3 /* ApiDocTransaction.swift */,
			);
			name = ApiDoc;
			sourceTree = "<group>";
		};
		3B6FB10E1C61675A001F50BF /* AsyncQueues */ = {
			isa = PBXGroup;
			children = (
				3B6FB1121C616CBB001F50BF /* DefaultQueueProvider.swift */,
				3BA8DD0B1C616732005DC1A4 /* QueueProvider.swift */,
			);
			name = AsyncQueues;
			sourceTree = "<group>";
		};
		3BCBACE11BA369AD007F1C90 = {
			isa = PBXGroup;
			children = (
				3B1C81331C59D67F006248E4 /* Sources */,
				3B00E4D51BA36B840011486D /* Tests */,
				3B00E4B91BA36B840011486D /* BuildControl */,
				3B00E55E1BA3782D0011486D /* Products */,
			);
			sourceTree = "<group>";
		};
/* End PBXGroup section */

/* Begin PBXHeadersBuildPhase section */
		3B00E55A1BA3782D0011486D /* Headers */ = {
			isa = PBXHeadersBuildPhase;
			buildActionMask = 2147483647;
			files = (
			);
			runOnlyForDeploymentPostprocessing = 0;
		};
		3B00E5791BA379830011486D /* Headers */ = {
			isa = PBXHeadersBuildPhase;
			buildActionMask = 2147483647;
			files = (
			);
			runOnlyForDeploymentPostprocessing = 0;
		};
		3B00E5971BA37A420011486D /* Headers */ = {
			isa = PBXHeadersBuildPhase;
			buildActionMask = 2147483647;
			files = (
			);
			runOnlyForDeploymentPostprocessing = 0;
		};
		3B78C6CB1BA7634E00173EAC /* Headers */ = {
			isa = PBXHeadersBuildPhase;
			buildActionMask = 2147483647;
			files = (
			);
			runOnlyForDeploymentPostprocessing = 0;
		};
/* End PBXHeadersBuildPhase section */

/* Begin PBXNativeTarget section */
		3B00E55C1BA3782D0011486D /* CleanroomDataTransactions-iOS */ = {
			isa = PBXNativeTarget;
			buildConfigurationList = 3B00E5731BA3782D0011486D /* Build configuration list for PBXNativeTarget "CleanroomDataTransactions-iOS" */;
			buildPhases = (
				3B00E5581BA3782D0011486D /* Sources */,
				3B00E5591BA3782D0011486D /* Frameworks */,
				3B00E55A1BA3782D0011486D /* Headers */,
				3B00E55B1BA3782D0011486D /* Resources */,
			);
			buildRules = (
			);
			dependencies = (
			);
			name = "CleanroomDataTransactions-iOS";
			productName = "CleanroomDataTransactions-iOS";
			productReference = 3B00E55D1BA3782D0011486D /* CleanroomDataTransactions.framework */;
			productType = "com.apple.product-type.framework";
		};
		3B00E5661BA3782D0011486D /* CleanroomDataTransactionsUnitTests-iOS */ = {
			isa = PBXNativeTarget;
			buildConfigurationList = 3B00E5741BA3782D0011486D /* Build configuration list for PBXNativeTarget "CleanroomDataTransactionsUnitTests-iOS" */;
			buildPhases = (
				3B00E5631BA3782D0011486D /* Sources */,
				3B00E5641BA3782D0011486D /* Frameworks */,
				3B00E5651BA3782D0011486D /* Resources */,
			);
			buildRules = (
			);
			dependencies = (
				3B00E56A1BA3782D0011486D /* PBXTargetDependency */,
			);
			name = "CleanroomDataTransactionsUnitTests-iOS";
			productName = "CleanroomDataTransactions-iOSTests";
			productReference = 3B00E5671BA3782D0011486D /* CleanroomDataTransactionsUnitTests.xctest */;
			productType = "com.apple.product-type.bundle.unit-test";
		};
		3B00E57B1BA379830011486D /* CleanroomDataTransactions-OSX */ = {
			isa = PBXNativeTarget;
			buildConfigurationList = 3B00E58D1BA379830011486D /* Build configuration list for PBXNativeTarget "CleanroomDataTransactions-OSX" */;
			buildPhases = (
				3B00E5771BA379830011486D /* Sources */,
				3B00E5781BA379830011486D /* Frameworks */,
				3B00E5791BA379830011486D /* Headers */,
				3B00E57A1BA379830011486D /* Resources */,
			);
			buildRules = (
			);
			dependencies = (
			);
			name = "CleanroomDataTransactions-OSX";
			productName = "CleanroomDataTransactions-OSX";
			productReference = 3B00E57C1BA379830011486D /* CleanroomDataTransactions.framework */;
			productType = "com.apple.product-type.framework";
		};
		3B00E5841BA379830011486D /* CleanroomDataTransactionsUnitTests-OSX */ = {
			isa = PBXNativeTarget;
			buildConfigurationList = 3B00E5901BA379830011486D /* Build configuration list for PBXNativeTarget "CleanroomDataTransactionsUnitTests-OSX" */;
			buildPhases = (
				3B00E5811BA379830011486D /* Sources */,
				3B00E5821BA379830011486D /* Frameworks */,
				3B00E5831BA379830011486D /* Resources */,
			);
			buildRules = (
			);
			dependencies = (
				3B00E5881BA379830011486D /* PBXTargetDependency */,
			);
			name = "CleanroomDataTransactionsUnitTests-OSX";
			productName = "CleanroomDataTransactions-OSXTests";
			productReference = 3B00E5851BA379830011486D /* CleanroomDataTransactionsUnitTests.xctest */;
			productType = "com.apple.product-type.bundle.unit-test";
		};
		3B00E5991BA37A420011486D /* CleanroomDataTransactions-tvOS */ = {
			isa = PBXNativeTarget;
			buildConfigurationList = 3B00E5AB1BA37A420011486D /* Build configuration list for PBXNativeTarget "CleanroomDataTransactions-tvOS" */;
			buildPhases = (
				3B00E5951BA37A420011486D /* Sources */,
				3B00E5961BA37A420011486D /* Frameworks */,
				3B00E5971BA37A420011486D /* Headers */,
				3B00E5981BA37A420011486D /* Resources */,
			);
			buildRules = (
			);
			dependencies = (
			);
			name = "CleanroomDataTransactions-tvOS";
			productName = "CleanroomDataTransactions-tvOS";
			productReference = 3B00E59A1BA37A420011486D /* CleanroomDataTransactions.framework */;
			productType = "com.apple.product-type.framework";
		};
		3B00E5A21BA37A420011486D /* CleanroomDataTransactionsUnitTests-tvOS */ = {
			isa = PBXNativeTarget;
			buildConfigurationList = 3B00E5AE1BA37A420011486D /* Build configuration list for PBXNativeTarget "CleanroomDataTransactionsUnitTests-tvOS" */;
			buildPhases = (
				3B00E59F1BA37A420011486D /* Sources */,
				3B00E5A01BA37A420011486D /* Frameworks */,
				3B00E5A11BA37A420011486D /* Resources */,
			);
			buildRules = (
			);
			dependencies = (
				3B00E5A61BA37A420011486D /* PBXTargetDependency */,
			);
			name = "CleanroomDataTransactionsUnitTests-tvOS";
			productName = "CleanroomDataTransactions-tvOSTests";
			productReference = 3B00E5A31BA37A420011486D /* CleanroomDataTransactionsUnitTests.xctest */;
			productType = "com.apple.product-type.bundle.unit-test";
		};
		3B78C6CD1BA7634E00173EAC /* CleanroomDataTransactions-watchOS */ = {
			isa = PBXNativeTarget;
			buildConfigurationList = 3B78C6D31BA7634E00173EAC /* Build configuration list for PBXNativeTarget "CleanroomDataTransactions-watchOS" */;
			buildPhases = (
				3B78C6C91BA7634E00173EAC /* Sources */,
				3B78C6CA1BA7634E00173EAC /* Frameworks */,
				3B78C6CB1BA7634E00173EAC /* Headers */,
				3B78C6CC1BA7634E00173EAC /* Resources */,
			);
			buildRules = (
			);
			dependencies = (
			);
			name = "CleanroomDataTransactions-watchOS";
			productName = "CleanroomDataTransactions-watchOS";
			productReference = 3B78C6CE1BA7634E00173EAC /* CleanroomDataTransactions.framework */;
			productType = "com.apple.product-type.framework";
		};
/* End PBXNativeTarget section */

/* Begin PBXProject section */
		3BCBACE21BA369AD007F1C90 /* Project object */ = {
			isa = PBXProject;
			attributes = {
				LastUpgradeCheck = 0800;
				TargetAttributes = {
					3B00E55C1BA3782D0011486D = {
						CreatedOnToolsVersion = 7.1;
						LastSwiftMigration = 0800;
					};
					3B00E5661BA3782D0011486D = {
						CreatedOnToolsVersion = 7.1;
						LastSwiftMigration = 0800;
					};
					3B00E57B1BA379830011486D = {
						CreatedOnToolsVersion = 7.1;
						LastSwiftMigration = 0800;
					};
					3B00E5841BA379830011486D = {
						CreatedOnToolsVersion = 7.1;
						LastSwiftMigration = 0800;
					};
					3B00E5991BA37A420011486D = {
						CreatedOnToolsVersion = 7.1;
						LastSwiftMigration = 0800;
					};
					3B00E5A21BA37A420011486D = {
						CreatedOnToolsVersion = 7.1;
						LastSwiftMigration = 0800;
					};
					3B78C6CD1BA7634E00173EAC = {
						CreatedOnToolsVersion = 7.1;
						LastSwiftMigration = 0800;
					};
				};
			};
			buildConfigurationList = 3BCBACE51BA369AD007F1C90 /* Build configuration list for PBXProject "CleanroomDataTransactions" */;
			compatibilityVersion = "Xcode 3.2";
			developmentRegion = English;
			hasScannedForEncodings = 0;
			knownRegions = (
				en,
			);
			mainGroup = 3BCBACE11BA369AD007F1C90;
			productRefGroup = 3B00E55E1BA3782D0011486D /* Products */;
			projectDirPath = "";
			projectRoot = "";
			targets = (
				3B00E55C1BA3782D0011486D /* CleanroomDataTransactions-iOS */,
				3B00E57B1BA379830011486D /* CleanroomDataTransactions-OSX */,
				3B00E5991BA37A420011486D /* CleanroomDataTransactions-tvOS */,
				3B78C6CD1BA7634E00173EAC /* CleanroomDataTransactions-watchOS */,
				3B00E5661BA3782D0011486D /* CleanroomDataTransactionsUnitTests-iOS */,
				3B00E5841BA379830011486D /* CleanroomDataTransactionsUnitTests-OSX */,
				3B00E5A21BA37A420011486D /* CleanroomDataTransactionsUnitTests-tvOS */,
			);
		};
/* End PBXProject section */

/* Begin PBXResourcesBuildPhase section */
		3B00E55B1BA3782D0011486D /* Resources */ = {
			isa = PBXResourcesBuildPhase;
			buildActionMask = 2147483647;
			files = (
			);
			runOnlyForDeploymentPostprocessing = 0;
		};
		3B00E5651BA3782D0011486D /* Resources */ = {
			isa = PBXResourcesBuildPhase;
			buildActionMask = 2147483647;
			files = (
			);
			runOnlyForDeploymentPostprocessing = 0;
		};
		3B00E57A1BA379830011486D /* Resources */ = {
			isa = PBXResourcesBuildPhase;
			buildActionMask = 2147483647;
			files = (
			);
			runOnlyForDeploymentPostprocessing = 0;
		};
		3B00E5831BA379830011486D /* Resources */ = {
			isa = PBXResourcesBuildPhase;
			buildActionMask = 2147483647;
			files = (
			);
			runOnlyForDeploymentPostprocessing = 0;
		};
		3B00E5981BA37A420011486D /* Resources */ = {
			isa = PBXResourcesBuildPhase;
			buildActionMask = 2147483647;
			files = (
			);
			runOnlyForDeploymentPostprocessing = 0;
		};
		3B00E5A11BA37A420011486D /* Resources */ = {
			isa = PBXResourcesBuildPhase;
			buildActionMask = 2147483647;
			files = (
			);
			runOnlyForDeploymentPostprocessing = 0;
		};
		3B78C6CC1BA7634E00173EAC /* Resources */ = {
			isa = PBXResourcesBuildPhase;
			buildActionMask = 2147483647;
			files = (
			);
			runOnlyForDeploymentPostprocessing = 0;
		};
/* End PBXResourcesBuildPhase section */

/* Begin PBXSourcesBuildPhase section */
		3B00E5581BA3782D0011486D /* Sources */ = {
			isa = PBXSourcesBuildPhase;
			buildActionMask = 2147483647;
			files = (
				3B3346F41C5C035A00A11BFB /* JSONOptionalTransaction.swift in Sources */,
				3B4E1CD81C5AB1C700C4A7F3 /* FetchImageTransaction.swift in Sources */,
				3B4E1CC51C5A7F1200C4A7F3 /* HTTPStatusCodeHandling.swift in Sources */,
				3B1C81631C59D67F006248E4 /* HTTPResponseMetadata.swift in Sources */,
				3B4E1CD01C5AAD3500C4A7F3 /* WrappingDataTransaction.swift in Sources */,
				3B4E1CCB1C5A909500C4A7F3 /* GenericDataProcessingTransaction.swift in Sources */,
				3B1C818B1C59D67F006248E4 /* URLTransaction.swift in Sources */,
				3B1C815B1C59D67F006248E4 /* DataTransaction.swift in Sources */,
				3B1C816B1C59D67F006248E4 /* JSONTransaction.swift in Sources */,
				3B4E1CDD1C5AB4C000C4A7F3 /* ImageConstruction.swift in Sources */,
				3B4E1CE31C5ABBE300C4A7F3 /* ApiDocTransaction.swift in Sources */,
				3B4E1CBA1C5A7E9900C4A7F3 /* JSONPayloadProcessing.swift in Sources */,
				3B4E1CA31C59E24F00C4A7F3 /* HTTPResponseStatus.swift in Sources */,
				3B6FB1131C616CBB001F50BF /* DefaultQueueProvider.swift in Sources */,
				3B3346FC1C5C044F00A11BFB /* ApiDocOptionalTransaction.swift in Sources */,
				3BA8DD0C1C616732005DC1A4 /* QueueProvider.swift in Sources */,
				3B1C815F1C59D67F006248E4 /* DataTransactionError.swift in Sources */,
			);
			runOnlyForDeploymentPostprocessing = 0;
		};
		3B00E5631BA3782D0011486D /* Sources */ = {
			isa = PBXSourcesBuildPhase;
			buildActionMask = 2147483647;
			files = (
				3B78C6B91BA762FD00173EAC /* CleanroomDataTransactionsUnitTests.swift in Sources */,
			);
			runOnlyForDeploymentPostprocessing = 0;
		};
		3B00E5771BA379830011486D /* Sources */ = {
			isa = PBXSourcesBuildPhase;
			buildActionMask = 2147483647;
			files = (
				3B3346F51C5C035A00A11BFB /* JSONOptionalTransaction.swift in Sources */,
				3B4E1CD91C5AB1C700C4A7F3 /* FetchImageTransaction.swift in Sources */,
				3B4E1CC61C5A7F1200C4A7F3 /* HTTPStatusCodeHandling.swift in Sources */,
				3B1C81641C59D67F006248E4 /* HTTPResponseMetadata.swift in Sources */,
				3B4E1CD11C5AAD3500C4A7F3 /* WrappingDataTransaction.swift in Sources */,
				3B4E1CCC1C5A909500C4A7F3 /* GenericDataProcessingTransaction.swift in Sources */,
				3B1C818C1C59D67F006248E4 /* URLTransaction.swift in Sources */,
				3B1C815C1C59D67F006248E4 /* DataTransaction.swift in Sources */,
				3B1C816C1C59D67F006248E4 /* JSONTransaction.swift in Sources */,
				3B4E1CDE1C5AB4C000C4A7F3 /* ImageConstruction.swift in Sources */,
				3B4E1CE41C5ABBE300C4A7F3 /* ApiDocTransaction.swift in Sources */,
				3B4E1CBB1C5A7E9900C4A7F3 /* JSONPayloadProcessing.swift in Sources */,
				3B4E1CA41C59E24F00C4A7F3 /* HTTPResponseStatus.swift in Sources */,
				3B6FB1141C616CBB001F50BF /* DefaultQueueProvider.swift in Sources */,
				3B3346FD1C5C044F00A11BFB /* ApiDocOptionalTransaction.swift in Sources */,
				3BA8DD0D1C616732005DC1A4 /* QueueProvider.swift in Sources */,
				3B1C81601C59D67F006248E4 /* DataTransactionError.swift in Sources */,
			);
			runOnlyForDeploymentPostprocessing = 0;
		};
		3B00E5811BA379830011486D /* Sources */ = {
			isa = PBXSourcesBuildPhase;
			buildActionMask = 2147483647;
			files = (
				3B78C6BA1BA762FD00173EAC /* CleanroomDataTransactionsUnitTests.swift in Sources */,
			);
			runOnlyForDeploymentPostprocessing = 0;
		};
		3B00E5951BA37A420011486D /* Sources */ = {
			isa = PBXSourcesBuildPhase;
			buildActionMask = 2147483647;
			files = (
				3B3346F61C5C035A00A11BFB /* JSONOptionalTransaction.swift in Sources */,
				3B4E1CDA1C5AB1C700C4A7F3 /* FetchImageTransaction.swift in Sources */,
				3B4E1CC71C5A7F1200C4A7F3 /* HTTPStatusCodeHandling.swift in Sources */,
				3B1C81651C59D67F006248E4 /* HTTPResponseMetadata.swift in Sources */,
				3B4E1CD21C5AAD3500C4A7F3 /* WrappingDataTransaction.swift in Sources */,
				3B4E1CCD1C5A909500C4A7F3 /* GenericDataProcessingTransaction.swift in Sources */,
				3B1C818D1C59D67F006248E4 /* URLTransaction.swift in Sources */,
				3B1C815D1C59D67F006248E4 /* DataTransaction.swift in Sources */,
				3B1C816D1C59D67F006248E4 /* JSONTransaction.swift in Sources */,
				3B4E1CDF1C5AB4C000C4A7F3 /* ImageConstruction.swift in Sources */,
				3B4E1CE51C5ABBE300C4A7F3 /* ApiDocTransaction.swift in Sources */,
				3B4E1CBC1C5A7E9900C4A7F3 /* JSONPayloadProcessing.swift in Sources */,
				3B4E1CA51C59E24F00C4A7F3 /* HTTPResponseStatus.swift in Sources */,
				3B6FB1151C616CBB001F50BF /* DefaultQueueProvider.swift in Sources */,
				3B3346FE1C5C044F00A11BFB /* ApiDocOptionalTransaction.swift in Sources */,
				3BA8DD0E1C616732005DC1A4 /* QueueProvider.swift in Sources */,
				3B1C81611C59D67F006248E4 /* DataTransactionError.swift in Sources */,
			);
			runOnlyForDeploymentPostprocessing = 0;
		};
		3B00E59F1BA37A420011486D /* Sources */ = {
			isa = PBXSourcesBuildPhase;
			buildActionMask = 2147483647;
			files = (
				3B78C6BB1BA762FD00173EAC /* CleanroomDataTransactionsUnitTests.swift in Sources */,
			);
			runOnlyForDeploymentPostprocessing = 0;
		};
		3B78C6C91BA7634E00173EAC /* Sources */ = {
			isa = PBXSourcesBuildPhase;
			buildActionMask = 2147483647;
			files = (
				3B4E1CE61C5ABBE300C4A7F3 /* ApiDocTransaction.swift in Sources */,
				3B4E1CC81C5A7F1200C4A7F3 /* HTTPStatusCodeHandling.swift in Sources */,
				3BA8DD0F1C616732005DC1A4 /* QueueProvider.swift in Sources */,
				3B1C81661C59D67F006248E4 /* HTTPResponseMetadata.swift in Sources */,
				3B6FB1161C616CBB001F50BF /* DefaultQueueProvider.swift in Sources */,
				3B4E1CD31C5AAD3500C4A7F3 /* WrappingDataTransaction.swift in Sources */,
				3B3346FF1C5C044F00A11BFB /* ApiDocOptionalTransaction.swift in Sources */,
				3B4E1CCE1C5A909500C4A7F3 /* GenericDataProcessingTransaction.swift in Sources */,
				3B1C818E1C59D67F006248E4 /* URLTransaction.swift in Sources */,
				3B3346F71C5C035A00A11BFB /* JSONOptionalTransaction.swift in Sources */,
				3B1C815E1C59D67F006248E4 /* DataTransaction.swift in Sources */,
				3B1C816E1C59D67F006248E4 /* JSONTransaction.swift in Sources */,
				3B4E1CBD1C5A7E9900C4A7F3 /* JSONPayloadProcessing.swift in Sources */,
				3B4E1CA61C59E24F00C4A7F3 /* HTTPResponseStatus.swift in Sources */,
				3B1C81621C59D67F006248E4 /* DataTransactionError.swift in Sources */,
			);
			runOnlyForDeploymentPostprocessing = 0;
		};
/* End PBXSourcesBuildPhase section */

/* Begin PBXTargetDependency section */
		3B00E56A1BA3782D0011486D /* PBXTargetDependency */ = {
			isa = PBXTargetDependency;
			target = 3B00E55C1BA3782D0011486D /* CleanroomDataTransactions-iOS */;
			targetProxy = 3B00E5691BA3782D0011486D /* PBXContainerItemProxy */;
		};
		3B00E5881BA379830011486D /* PBXTargetDependency */ = {
			isa = PBXTargetDependency;
			target = 3B00E57B1BA379830011486D /* CleanroomDataTransactions-OSX */;
			targetProxy = 3B00E5871BA379830011486D /* PBXContainerItemProxy */;
		};
		3B00E5A61BA37A420011486D /* PBXTargetDependency */ = {
			isa = PBXTargetDependency;
			target = 3B00E5991BA37A420011486D /* CleanroomDataTransactions-tvOS */;
			targetProxy = 3B00E5A51BA37A420011486D /* PBXContainerItemProxy */;
		};
/* End PBXTargetDependency section */

/* Begin XCBuildConfiguration section */
		3B00E56F1BA3782D0011486D /* Debug */ = {
			isa = XCBuildConfiguration;
			baseConfigurationReference = 3B38DBD01BA76428000986DF /* Debug-iOS.xcconfig */;
			buildSettings = {
				ALWAYS_SEARCH_USER_PATHS = NO;
				CLANG_CXX_LANGUAGE_STANDARD = "gnu++0x";
				CLANG_CXX_LIBRARY = "libc++";
				CLANG_ENABLE_MODULES = YES;
				CLANG_ENABLE_OBJC_ARC = YES;
				CLANG_WARN_BOOL_CONVERSION = YES;
				CLANG_WARN_CONSTANT_CONVERSION = YES;
				CLANG_WARN_DIRECT_OBJC_ISA_USAGE = YES_ERROR;
				CLANG_WARN_EMPTY_BODY = YES;
				CLANG_WARN_ENUM_CONVERSION = YES;
				CLANG_WARN_INT_CONVERSION = YES;
				CLANG_WARN_OBJC_ROOT_CLASS = YES_ERROR;
				CLANG_WARN_UNREACHABLE_CODE = YES;
				CLANG_WARN__DUPLICATE_METHOD_MATCH = YES;
				"CODE_SIGN_IDENTITY[sdk=iphoneos*]" = "iPhone Developer";
				COPY_PHASE_STRIP = NO;
				DEBUG_INFORMATION_FORMAT = dwarf;
				DEFINES_MODULE = YES;
				DYLIB_INSTALL_NAME_BASE = "@rpath";
				ENABLE_STRICT_OBJC_MSGSEND = YES;
				ENABLE_TESTABILITY = YES;
				GCC_C_LANGUAGE_STANDARD = gnu99;
				GCC_DYNAMIC_NO_PIC = NO;
				GCC_NO_COMMON_BLOCKS = YES;
				GCC_PREPROCESSOR_DEFINITIONS = (
					"DEBUG=1",
					"$(inherited)",
				);
				GCC_WARN_64_TO_32_BIT_CONVERSION = YES;
				GCC_WARN_ABOUT_RETURN_TYPE = YES_ERROR;
				GCC_WARN_UNDECLARED_SELECTOR = YES;
				GCC_WARN_UNINITIALIZED_AUTOS = YES_AGGRESSIVE;
				GCC_WARN_UNUSED_FUNCTION = YES;
				GCC_WARN_UNUSED_VARIABLE = YES;
				INSTALL_PATH = "$(LOCAL_LIBRARY_DIR)/Frameworks";
				LD_RUNPATH_SEARCH_PATHS = "$(inherited) @executable_path/Frameworks @loader_path/Frameworks";
				MTL_ENABLE_DEBUG_INFO = YES;
				SKIP_INSTALL = YES;
				SWIFT_VERSION = 3.0;
				TARGETED_DEVICE_FAMILY = "1,2";
				VERSIONING_SYSTEM = "apple-generic";
				VERSION_INFO_PREFIX = "";
			};
			name = Debug;
		};
		3B00E5701BA3782D0011486D /* Release */ = {
			isa = XCBuildConfiguration;
			baseConfigurationReference = 3B38DBD91BA76428000986DF /* Release-iOS.xcconfig */;
			buildSettings = {
				ALWAYS_SEARCH_USER_PATHS = NO;
				CLANG_CXX_LANGUAGE_STANDARD = "gnu++0x";
				CLANG_CXX_LIBRARY = "libc++";
				CLANG_ENABLE_MODULES = YES;
				CLANG_ENABLE_OBJC_ARC = YES;
				CLANG_WARN_BOOL_CONVERSION = YES;
				CLANG_WARN_CONSTANT_CONVERSION = YES;
				CLANG_WARN_DIRECT_OBJC_ISA_USAGE = YES_ERROR;
				CLANG_WARN_EMPTY_BODY = YES;
				CLANG_WARN_ENUM_CONVERSION = YES;
				CLANG_WARN_INT_CONVERSION = YES;
				CLANG_WARN_OBJC_ROOT_CLASS = YES_ERROR;
				CLANG_WARN_UNREACHABLE_CODE = YES;
				CLANG_WARN__DUPLICATE_METHOD_MATCH = YES;
				"CODE_SIGN_IDENTITY[sdk=iphoneos*]" = "iPhone Developer";
				COPY_PHASE_STRIP = NO;
				DEBUG_INFORMATION_FORMAT = "dwarf-with-dsym";
				DEFINES_MODULE = YES;
				DYLIB_INSTALL_NAME_BASE = "@rpath";
				ENABLE_NS_ASSERTIONS = NO;
				ENABLE_STRICT_OBJC_MSGSEND = YES;
				GCC_C_LANGUAGE_STANDARD = gnu99;
				GCC_NO_COMMON_BLOCKS = YES;
				GCC_WARN_64_TO_32_BIT_CONVERSION = YES;
				GCC_WARN_ABOUT_RETURN_TYPE = YES_ERROR;
				GCC_WARN_UNDECLARED_SELECTOR = YES;
				GCC_WARN_UNINITIALIZED_AUTOS = YES_AGGRESSIVE;
				GCC_WARN_UNUSED_FUNCTION = YES;
				GCC_WARN_UNUSED_VARIABLE = YES;
				INSTALL_PATH = "$(LOCAL_LIBRARY_DIR)/Frameworks";
				LD_RUNPATH_SEARCH_PATHS = "$(inherited) @executable_path/Frameworks @loader_path/Frameworks";
				MTL_ENABLE_DEBUG_INFO = NO;
				SKIP_INSTALL = YES;
				SWIFT_VERSION = 3.0;
				TARGETED_DEVICE_FAMILY = "1,2";
				VALIDATE_PRODUCT = YES;
				VERSIONING_SYSTEM = "apple-generic";
				VERSION_INFO_PREFIX = "";
			};
			name = Release;
		};
		3B00E5711BA3782D0011486D /* Debug */ = {
			isa = XCBuildConfiguration;
			baseConfigurationReference = 3B38DBDE1BA76428000986DF /* Tests-iOS.xcconfig */;
			buildSettings = {
				ALWAYS_SEARCH_USER_PATHS = NO;
				CLANG_CXX_LANGUAGE_STANDARD = "gnu++0x";
				CLANG_CXX_LIBRARY = "libc++";
				CLANG_ENABLE_MODULES = YES;
				CLANG_ENABLE_OBJC_ARC = YES;
				CLANG_WARN_BOOL_CONVERSION = YES;
				CLANG_WARN_CONSTANT_CONVERSION = YES;
				CLANG_WARN_DIRECT_OBJC_ISA_USAGE = YES_ERROR;
				CLANG_WARN_EMPTY_BODY = YES;
				CLANG_WARN_ENUM_CONVERSION = YES;
				CLANG_WARN_INT_CONVERSION = YES;
				CLANG_WARN_OBJC_ROOT_CLASS = YES_ERROR;
				CLANG_WARN_UNREACHABLE_CODE = YES;
				CLANG_WARN__DUPLICATE_METHOD_MATCH = YES;
				COPY_PHASE_STRIP = NO;
				DEBUG_INFORMATION_FORMAT = dwarf;
				ENABLE_STRICT_OBJC_MSGSEND = YES;
				ENABLE_TESTABILITY = YES;
				GCC_C_LANGUAGE_STANDARD = gnu99;
				GCC_DYNAMIC_NO_PIC = NO;
				GCC_NO_COMMON_BLOCKS = YES;
				GCC_OPTIMIZATION_LEVEL = 0;
				GCC_PREPROCESSOR_DEFINITIONS = (
					"DEBUG=1",
					"$(inherited)",
				);
				GCC_WARN_64_TO_32_BIT_CONVERSION = YES;
				GCC_WARN_ABOUT_RETURN_TYPE = YES_ERROR;
				GCC_WARN_UNDECLARED_SELECTOR = YES;
				GCC_WARN_UNINITIALIZED_AUTOS = YES_AGGRESSIVE;
				GCC_WARN_UNUSED_FUNCTION = YES;
				GCC_WARN_UNUSED_VARIABLE = YES;
				LD_RUNPATH_SEARCH_PATHS = "$(inherited) @executable_path/Frameworks @loader_path/Frameworks";
				MTL_ENABLE_DEBUG_INFO = YES;
				ONLY_ACTIVE_ARCH = YES;
				SWIFT_OPTIMIZATION_LEVEL = "-Onone";
				SWIFT_VERSION = 3.0;
			};
			name = Debug;
		};
		3B00E5721BA3782D0011486D /* Release */ = {
			isa = XCBuildConfiguration;
			baseConfigurationReference = 3B38DBDE1BA76428000986DF /* Tests-iOS.xcconfig */;
			buildSettings = {
				ALWAYS_SEARCH_USER_PATHS = NO;
				CLANG_CXX_LANGUAGE_STANDARD = "gnu++0x";
				CLANG_CXX_LIBRARY = "libc++";
				CLANG_ENABLE_MODULES = YES;
				CLANG_ENABLE_OBJC_ARC = YES;
				CLANG_WARN_BOOL_CONVERSION = YES;
				CLANG_WARN_CONSTANT_CONVERSION = YES;
				CLANG_WARN_DIRECT_OBJC_ISA_USAGE = YES_ERROR;
				CLANG_WARN_EMPTY_BODY = YES;
				CLANG_WARN_ENUM_CONVERSION = YES;
				CLANG_WARN_INT_CONVERSION = YES;
				CLANG_WARN_OBJC_ROOT_CLASS = YES_ERROR;
				CLANG_WARN_UNREACHABLE_CODE = YES;
				CLANG_WARN__DUPLICATE_METHOD_MATCH = YES;
				COPY_PHASE_STRIP = NO;
				DEBUG_INFORMATION_FORMAT = "dwarf-with-dsym";
				ENABLE_NS_ASSERTIONS = NO;
				ENABLE_STRICT_OBJC_MSGSEND = YES;
				GCC_C_LANGUAGE_STANDARD = gnu99;
				GCC_NO_COMMON_BLOCKS = YES;
				GCC_WARN_64_TO_32_BIT_CONVERSION = YES;
				GCC_WARN_ABOUT_RETURN_TYPE = YES_ERROR;
				GCC_WARN_UNDECLARED_SELECTOR = YES;
				GCC_WARN_UNINITIALIZED_AUTOS = YES_AGGRESSIVE;
				GCC_WARN_UNUSED_FUNCTION = YES;
				GCC_WARN_UNUSED_VARIABLE = YES;
				LD_RUNPATH_SEARCH_PATHS = "$(inherited) @executable_path/Frameworks @loader_path/Frameworks";
				MTL_ENABLE_DEBUG_INFO = NO;
				SWIFT_OPTIMIZATION_LEVEL = "-Owholemodule";
				SWIFT_VERSION = 3.0;
				VALIDATE_PRODUCT = YES;
			};
			name = Release;
		};
		3B00E58E1BA379830011486D /* Debug */ = {
			isa = XCBuildConfiguration;
			baseConfigurationReference = 3B38DBD11BA76428000986DF /* Debug-OSX.xcconfig */;
			buildSettings = {
				ALWAYS_SEARCH_USER_PATHS = NO;
				CLANG_CXX_LANGUAGE_STANDARD = "gnu++0x";
				CLANG_CXX_LIBRARY = "libc++";
				CLANG_ENABLE_MODULES = YES;
				CLANG_ENABLE_OBJC_ARC = YES;
				CLANG_WARN_BOOL_CONVERSION = YES;
				CLANG_WARN_CONSTANT_CONVERSION = YES;
				CLANG_WARN_DIRECT_OBJC_ISA_USAGE = YES_ERROR;
				CLANG_WARN_EMPTY_BODY = YES;
				CLANG_WARN_ENUM_CONVERSION = YES;
				CLANG_WARN_INT_CONVERSION = YES;
				CLANG_WARN_OBJC_ROOT_CLASS = YES_ERROR;
				CLANG_WARN_UNREACHABLE_CODE = YES;
				CLANG_WARN__DUPLICATE_METHOD_MATCH = YES;
				CODE_SIGN_IDENTITY = "-";
				"CODE_SIGN_IDENTITY[sdk=macosx*]" = "Mac Developer";
				COMBINE_HIDPI_IMAGES = YES;
				COPY_PHASE_STRIP = NO;
				DEBUG_INFORMATION_FORMAT = dwarf;
				DEFINES_MODULE = YES;
				DYLIB_INSTALL_NAME_BASE = "@rpath";
				ENABLE_STRICT_OBJC_MSGSEND = YES;
				ENABLE_TESTABILITY = YES;
				GCC_C_LANGUAGE_STANDARD = gnu99;
				GCC_DYNAMIC_NO_PIC = NO;
				GCC_NO_COMMON_BLOCKS = YES;
				GCC_OPTIMIZATION_LEVEL = 0;
				GCC_PREPROCESSOR_DEFINITIONS = (
					"DEBUG=1",
					"$(inherited)",
				);
				GCC_WARN_64_TO_32_BIT_CONVERSION = YES;
				GCC_WARN_ABOUT_RETURN_TYPE = YES_ERROR;
				GCC_WARN_UNDECLARED_SELECTOR = YES;
				GCC_WARN_UNINITIALIZED_AUTOS = YES_AGGRESSIVE;
				GCC_WARN_UNUSED_FUNCTION = YES;
				GCC_WARN_UNUSED_VARIABLE = YES;
				INSTALL_PATH = "$(LOCAL_LIBRARY_DIR)/Frameworks";
				LD_RUNPATH_SEARCH_PATHS = "$(inherited) @executable_path/../Frameworks @loader_path/Frameworks";
				MTL_ENABLE_DEBUG_INFO = YES;
				SKIP_INSTALL = YES;
				SWIFT_VERSION = 3.0;
				VERSIONING_SYSTEM = "apple-generic";
				VERSION_INFO_PREFIX = "";
			};
			name = Debug;
		};
		3B00E58F1BA379830011486D /* Release */ = {
			isa = XCBuildConfiguration;
			baseConfigurationReference = 3B38DBDA1BA76428000986DF /* Release-OSX.xcconfig */;
			buildSettings = {
				ALWAYS_SEARCH_USER_PATHS = NO;
				CLANG_CXX_LANGUAGE_STANDARD = "gnu++0x";
				CLANG_CXX_LIBRARY = "libc++";
				CLANG_ENABLE_MODULES = YES;
				CLANG_ENABLE_OBJC_ARC = YES;
				CLANG_WARN_BOOL_CONVERSION = YES;
				CLANG_WARN_CONSTANT_CONVERSION = YES;
				CLANG_WARN_DIRECT_OBJC_ISA_USAGE = YES_ERROR;
				CLANG_WARN_EMPTY_BODY = YES;
				CLANG_WARN_ENUM_CONVERSION = YES;
				CLANG_WARN_INT_CONVERSION = YES;
				CLANG_WARN_OBJC_ROOT_CLASS = YES_ERROR;
				CLANG_WARN_UNREACHABLE_CODE = YES;
				CLANG_WARN__DUPLICATE_METHOD_MATCH = YES;
				CODE_SIGN_IDENTITY = "-";
				"CODE_SIGN_IDENTITY[sdk=macosx*]" = "Mac Developer";
				COMBINE_HIDPI_IMAGES = YES;
				COPY_PHASE_STRIP = NO;
				DEBUG_INFORMATION_FORMAT = "dwarf-with-dsym";
				DEFINES_MODULE = YES;
				DYLIB_INSTALL_NAME_BASE = "@rpath";
				ENABLE_NS_ASSERTIONS = NO;
				ENABLE_STRICT_OBJC_MSGSEND = YES;
				GCC_C_LANGUAGE_STANDARD = gnu99;
				GCC_NO_COMMON_BLOCKS = YES;
				GCC_WARN_64_TO_32_BIT_CONVERSION = YES;
				GCC_WARN_ABOUT_RETURN_TYPE = YES_ERROR;
				GCC_WARN_UNDECLARED_SELECTOR = YES;
				GCC_WARN_UNINITIALIZED_AUTOS = YES_AGGRESSIVE;
				GCC_WARN_UNUSED_FUNCTION = YES;
				GCC_WARN_UNUSED_VARIABLE = YES;
				INSTALL_PATH = "$(LOCAL_LIBRARY_DIR)/Frameworks";
				LD_RUNPATH_SEARCH_PATHS = "$(inherited) @executable_path/../Frameworks @loader_path/Frameworks";
				MTL_ENABLE_DEBUG_INFO = NO;
				SKIP_INSTALL = YES;
				SWIFT_VERSION = 3.0;
				VERSIONING_SYSTEM = "apple-generic";
				VERSION_INFO_PREFIX = "";
			};
			name = Release;
		};
		3B00E5911BA379830011486D /* Debug */ = {
			isa = XCBuildConfiguration;
			baseConfigurationReference = 3B38DBDF1BA76428000986DF /* Tests-OSX.xcconfig */;
			buildSettings = {
				ALWAYS_SEARCH_USER_PATHS = NO;
				CLANG_CXX_LANGUAGE_STANDARD = "gnu++0x";
				CLANG_CXX_LIBRARY = "libc++";
				CLANG_ENABLE_MODULES = YES;
				CLANG_ENABLE_OBJC_ARC = YES;
				CLANG_WARN_BOOL_CONVERSION = YES;
				CLANG_WARN_CONSTANT_CONVERSION = YES;
				CLANG_WARN_DIRECT_OBJC_ISA_USAGE = YES_ERROR;
				CLANG_WARN_EMPTY_BODY = YES;
				CLANG_WARN_ENUM_CONVERSION = YES;
				CLANG_WARN_INT_CONVERSION = YES;
				CLANG_WARN_OBJC_ROOT_CLASS = YES_ERROR;
				CLANG_WARN_UNREACHABLE_CODE = YES;
				CLANG_WARN__DUPLICATE_METHOD_MATCH = YES;
				COMBINE_HIDPI_IMAGES = YES;
				COPY_PHASE_STRIP = NO;
				DEBUG_INFORMATION_FORMAT = dwarf;
				ENABLE_STRICT_OBJC_MSGSEND = YES;
				ENABLE_TESTABILITY = YES;
				GCC_C_LANGUAGE_STANDARD = gnu99;
				GCC_DYNAMIC_NO_PIC = NO;
				GCC_NO_COMMON_BLOCKS = YES;
				GCC_OPTIMIZATION_LEVEL = 0;
				GCC_PREPROCESSOR_DEFINITIONS = (
					"DEBUG=1",
					"$(inherited)",
				);
				GCC_WARN_64_TO_32_BIT_CONVERSION = YES;
				GCC_WARN_ABOUT_RETURN_TYPE = YES_ERROR;
				GCC_WARN_UNDECLARED_SELECTOR = YES;
				GCC_WARN_UNINITIALIZED_AUTOS = YES_AGGRESSIVE;
				GCC_WARN_UNUSED_FUNCTION = YES;
				GCC_WARN_UNUSED_VARIABLE = YES;
				LD_RUNPATH_SEARCH_PATHS = "$(inherited) @executable_path/../Frameworks @loader_path/../Frameworks";
				MTL_ENABLE_DEBUG_INFO = YES;
				ONLY_ACTIVE_ARCH = YES;
				SWIFT_OPTIMIZATION_LEVEL = "-Onone";
				SWIFT_VERSION = 3.0;
			};
			name = Debug;
		};
		3B00E5921BA379830011486D /* Release */ = {
			isa = XCBuildConfiguration;
			baseConfigurationReference = 3B38DBDF1BA76428000986DF /* Tests-OSX.xcconfig */;
			buildSettings = {
				ALWAYS_SEARCH_USER_PATHS = NO;
				CLANG_CXX_LANGUAGE_STANDARD = "gnu++0x";
				CLANG_CXX_LIBRARY = "libc++";
				CLANG_ENABLE_MODULES = YES;
				CLANG_ENABLE_OBJC_ARC = YES;
				CLANG_WARN_BOOL_CONVERSION = YES;
				CLANG_WARN_CONSTANT_CONVERSION = YES;
				CLANG_WARN_DIRECT_OBJC_ISA_USAGE = YES_ERROR;
				CLANG_WARN_EMPTY_BODY = YES;
				CLANG_WARN_ENUM_CONVERSION = YES;
				CLANG_WARN_INT_CONVERSION = YES;
				CLANG_WARN_OBJC_ROOT_CLASS = YES_ERROR;
				CLANG_WARN_UNREACHABLE_CODE = YES;
				CLANG_WARN__DUPLICATE_METHOD_MATCH = YES;
				COMBINE_HIDPI_IMAGES = YES;
				COPY_PHASE_STRIP = NO;
				DEBUG_INFORMATION_FORMAT = "dwarf-with-dsym";
				ENABLE_NS_ASSERTIONS = NO;
				ENABLE_STRICT_OBJC_MSGSEND = YES;
				GCC_C_LANGUAGE_STANDARD = gnu99;
				GCC_NO_COMMON_BLOCKS = YES;
				GCC_WARN_64_TO_32_BIT_CONVERSION = YES;
				GCC_WARN_ABOUT_RETURN_TYPE = YES_ERROR;
				GCC_WARN_UNDECLARED_SELECTOR = YES;
				GCC_WARN_UNINITIALIZED_AUTOS = YES_AGGRESSIVE;
				GCC_WARN_UNUSED_FUNCTION = YES;
				GCC_WARN_UNUSED_VARIABLE = YES;
				LD_RUNPATH_SEARCH_PATHS = "$(inherited) @executable_path/../Frameworks @loader_path/../Frameworks";
				MTL_ENABLE_DEBUG_INFO = NO;
				SWIFT_OPTIMIZATION_LEVEL = "-Owholemodule";
				SWIFT_VERSION = 3.0;
			};
			name = Release;
		};
		3B00E5AC1BA37A420011486D /* Debug */ = {
			isa = XCBuildConfiguration;
			baseConfigurationReference = 3B38DBD21BA76428000986DF /* Debug-tvOS.xcconfig */;
			buildSettings = {
				ALWAYS_SEARCH_USER_PATHS = NO;
				CLANG_CXX_LANGUAGE_STANDARD = "gnu++0x";
				CLANG_CXX_LIBRARY = "libc++";
				CLANG_ENABLE_MODULES = YES;
				CLANG_ENABLE_OBJC_ARC = YES;
				CLANG_WARN_BOOL_CONVERSION = YES;
				CLANG_WARN_CONSTANT_CONVERSION = YES;
				CLANG_WARN_DIRECT_OBJC_ISA_USAGE = YES_ERROR;
				CLANG_WARN_EMPTY_BODY = YES;
				CLANG_WARN_ENUM_CONVERSION = YES;
				CLANG_WARN_INT_CONVERSION = YES;
				CLANG_WARN_OBJC_ROOT_CLASS = YES_ERROR;
				CLANG_WARN_UNREACHABLE_CODE = YES;
				CLANG_WARN__DUPLICATE_METHOD_MATCH = YES;
				COPY_PHASE_STRIP = NO;
				DEBUG_INFORMATION_FORMAT = dwarf;
				DEFINES_MODULE = YES;
				DYLIB_INSTALL_NAME_BASE = "@rpath";
				ENABLE_STRICT_OBJC_MSGSEND = YES;
				ENABLE_TESTABILITY = YES;
				GCC_C_LANGUAGE_STANDARD = gnu99;
				GCC_DYNAMIC_NO_PIC = NO;
				GCC_NO_COMMON_BLOCKS = YES;
				GCC_OPTIMIZATION_LEVEL = 0;
				GCC_PREPROCESSOR_DEFINITIONS = (
					"DEBUG=1",
					"$(inherited)",
				);
				GCC_WARN_64_TO_32_BIT_CONVERSION = YES;
				GCC_WARN_ABOUT_RETURN_TYPE = YES_ERROR;
				GCC_WARN_UNDECLARED_SELECTOR = YES;
				GCC_WARN_UNINITIALIZED_AUTOS = YES_AGGRESSIVE;
				GCC_WARN_UNUSED_FUNCTION = YES;
				GCC_WARN_UNUSED_VARIABLE = YES;
				INSTALL_PATH = "$(LOCAL_LIBRARY_DIR)/Frameworks";
				LD_RUNPATH_SEARCH_PATHS = "$(inherited) @executable_path/Frameworks @loader_path/Frameworks";
				MTL_ENABLE_DEBUG_INFO = YES;
				SKIP_INSTALL = YES;
				SWIFT_VERSION = 3.0;
				TARGETED_DEVICE_FAMILY = 3;
				VERSIONING_SYSTEM = "apple-generic";
				VERSION_INFO_PREFIX = "";
			};
			name = Debug;
		};
		3B00E5AD1BA37A420011486D /* Release */ = {
			isa = XCBuildConfiguration;
			baseConfigurationReference = 3B38DBDB1BA76428000986DF /* Release-tvOS.xcconfig */;
			buildSettings = {
				ALWAYS_SEARCH_USER_PATHS = NO;
				CLANG_CXX_LANGUAGE_STANDARD = "gnu++0x";
				CLANG_CXX_LIBRARY = "libc++";
				CLANG_ENABLE_MODULES = YES;
				CLANG_ENABLE_OBJC_ARC = YES;
				CLANG_WARN_BOOL_CONVERSION = YES;
				CLANG_WARN_CONSTANT_CONVERSION = YES;
				CLANG_WARN_DIRECT_OBJC_ISA_USAGE = YES_ERROR;
				CLANG_WARN_EMPTY_BODY = YES;
				CLANG_WARN_ENUM_CONVERSION = YES;
				CLANG_WARN_INT_CONVERSION = YES;
				CLANG_WARN_OBJC_ROOT_CLASS = YES_ERROR;
				CLANG_WARN_UNREACHABLE_CODE = YES;
				CLANG_WARN__DUPLICATE_METHOD_MATCH = YES;
				COPY_PHASE_STRIP = NO;
				DEBUG_INFORMATION_FORMAT = "dwarf-with-dsym";
				DEFINES_MODULE = YES;
				DYLIB_INSTALL_NAME_BASE = "@rpath";
				ENABLE_NS_ASSERTIONS = NO;
				ENABLE_STRICT_OBJC_MSGSEND = YES;
				GCC_C_LANGUAGE_STANDARD = gnu99;
				GCC_NO_COMMON_BLOCKS = YES;
				GCC_WARN_64_TO_32_BIT_CONVERSION = YES;
				GCC_WARN_ABOUT_RETURN_TYPE = YES_ERROR;
				GCC_WARN_UNDECLARED_SELECTOR = YES;
				GCC_WARN_UNINITIALIZED_AUTOS = YES_AGGRESSIVE;
				GCC_WARN_UNUSED_FUNCTION = YES;
				GCC_WARN_UNUSED_VARIABLE = YES;
				INSTALL_PATH = "$(LOCAL_LIBRARY_DIR)/Frameworks";
				LD_RUNPATH_SEARCH_PATHS = "$(inherited) @executable_path/Frameworks @loader_path/Frameworks";
				MTL_ENABLE_DEBUG_INFO = NO;
				SKIP_INSTALL = YES;
				SWIFT_VERSION = 3.0;
				TARGETED_DEVICE_FAMILY = 3;
				VALIDATE_PRODUCT = YES;
				VERSIONING_SYSTEM = "apple-generic";
				VERSION_INFO_PREFIX = "";
			};
			name = Release;
		};
		3B00E5AF1BA37A420011486D /* Debug */ = {
			isa = XCBuildConfiguration;
			baseConfigurationReference = 3B38DBE01BA76428000986DF /* Tests-tvOS.xcconfig */;
			buildSettings = {
				ALWAYS_SEARCH_USER_PATHS = NO;
				CLANG_CXX_LANGUAGE_STANDARD = "gnu++0x";
				CLANG_CXX_LIBRARY = "libc++";
				CLANG_ENABLE_MODULES = YES;
				CLANG_ENABLE_OBJC_ARC = YES;
				CLANG_WARN_BOOL_CONVERSION = YES;
				CLANG_WARN_CONSTANT_CONVERSION = YES;
				CLANG_WARN_DIRECT_OBJC_ISA_USAGE = YES_ERROR;
				CLANG_WARN_EMPTY_BODY = YES;
				CLANG_WARN_ENUM_CONVERSION = YES;
				CLANG_WARN_INT_CONVERSION = YES;
				CLANG_WARN_OBJC_ROOT_CLASS = YES_ERROR;
				CLANG_WARN_UNREACHABLE_CODE = YES;
				CLANG_WARN__DUPLICATE_METHOD_MATCH = YES;
				COPY_PHASE_STRIP = NO;
				DEBUG_INFORMATION_FORMAT = dwarf;
				ENABLE_STRICT_OBJC_MSGSEND = YES;
				ENABLE_TESTABILITY = YES;
				GCC_C_LANGUAGE_STANDARD = gnu99;
				GCC_DYNAMIC_NO_PIC = NO;
				GCC_NO_COMMON_BLOCKS = YES;
				GCC_OPTIMIZATION_LEVEL = 0;
				GCC_PREPROCESSOR_DEFINITIONS = (
					"DEBUG=1",
					"$(inherited)",
				);
				GCC_WARN_64_TO_32_BIT_CONVERSION = YES;
				GCC_WARN_ABOUT_RETURN_TYPE = YES_ERROR;
				GCC_WARN_UNDECLARED_SELECTOR = YES;
				GCC_WARN_UNINITIALIZED_AUTOS = YES_AGGRESSIVE;
				GCC_WARN_UNUSED_FUNCTION = YES;
				GCC_WARN_UNUSED_VARIABLE = YES;
				LD_RUNPATH_SEARCH_PATHS = "$(inherited) @executable_path/Frameworks @loader_path/Frameworks";
				MTL_ENABLE_DEBUG_INFO = YES;
				ONLY_ACTIVE_ARCH = YES;
				SWIFT_OPTIMIZATION_LEVEL = "-Onone";
				SWIFT_VERSION = 3.0;
			};
			name = Debug;
		};
		3B00E5B01BA37A420011486D /* Release */ = {
			isa = XCBuildConfiguration;
			baseConfigurationReference = 3B38DBE01BA76428000986DF /* Tests-tvOS.xcconfig */;
			buildSettings = {
				ALWAYS_SEARCH_USER_PATHS = NO;
				CLANG_CXX_LANGUAGE_STANDARD = "gnu++0x";
				CLANG_CXX_LIBRARY = "libc++";
				CLANG_ENABLE_MODULES = YES;
				CLANG_ENABLE_OBJC_ARC = YES;
				CLANG_WARN_BOOL_CONVERSION = YES;
				CLANG_WARN_CONSTANT_CONVERSION = YES;
				CLANG_WARN_DIRECT_OBJC_ISA_USAGE = YES_ERROR;
				CLANG_WARN_EMPTY_BODY = YES;
				CLANG_WARN_ENUM_CONVERSION = YES;
				CLANG_WARN_INT_CONVERSION = YES;
				CLANG_WARN_OBJC_ROOT_CLASS = YES_ERROR;
				CLANG_WARN_UNREACHABLE_CODE = YES;
				CLANG_WARN__DUPLICATE_METHOD_MATCH = YES;
				COPY_PHASE_STRIP = NO;
				DEBUG_INFORMATION_FORMAT = "dwarf-with-dsym";
				ENABLE_NS_ASSERTIONS = NO;
				ENABLE_STRICT_OBJC_MSGSEND = YES;
				GCC_C_LANGUAGE_STANDARD = gnu99;
				GCC_NO_COMMON_BLOCKS = YES;
				GCC_WARN_64_TO_32_BIT_CONVERSION = YES;
				GCC_WARN_ABOUT_RETURN_TYPE = YES_ERROR;
				GCC_WARN_UNDECLARED_SELECTOR = YES;
				GCC_WARN_UNINITIALIZED_AUTOS = YES_AGGRESSIVE;
				GCC_WARN_UNUSED_FUNCTION = YES;
				GCC_WARN_UNUSED_VARIABLE = YES;
				LD_RUNPATH_SEARCH_PATHS = "$(inherited) @executable_path/Frameworks @loader_path/Frameworks";
				MTL_ENABLE_DEBUG_INFO = NO;
				SWIFT_OPTIMIZATION_LEVEL = "-Owholemodule";
				SWIFT_VERSION = 3.0;
				VALIDATE_PRODUCT = YES;
			};
			name = Release;
		};
		3B78C6D41BA7634E00173EAC /* Debug */ = {
			isa = XCBuildConfiguration;
			baseConfigurationReference = 3B38DBD31BA76428000986DF /* Debug-watchOS.xcconfig */;
			buildSettings = {
				ALWAYS_SEARCH_USER_PATHS = NO;
				CLANG_CXX_LANGUAGE_STANDARD = "gnu++0x";
				CLANG_CXX_LIBRARY = "libc++";
				CLANG_ENABLE_MODULES = YES;
				CLANG_ENABLE_OBJC_ARC = YES;
				CLANG_WARN_BOOL_CONVERSION = YES;
				CLANG_WARN_CONSTANT_CONVERSION = YES;
				CLANG_WARN_DIRECT_OBJC_ISA_USAGE = YES_ERROR;
				CLANG_WARN_EMPTY_BODY = YES;
				CLANG_WARN_ENUM_CONVERSION = YES;
				CLANG_WARN_INT_CONVERSION = YES;
				CLANG_WARN_OBJC_ROOT_CLASS = YES_ERROR;
				CLANG_WARN_UNREACHABLE_CODE = YES;
				CLANG_WARN__DUPLICATE_METHOD_MATCH = YES;
				COPY_PHASE_STRIP = NO;
				DEBUG_INFORMATION_FORMAT = dwarf;
				DEFINES_MODULE = YES;
				DYLIB_INSTALL_NAME_BASE = "@rpath";
				ENABLE_STRICT_OBJC_MSGSEND = YES;
				ENABLE_TESTABILITY = YES;
				GCC_C_LANGUAGE_STANDARD = gnu99;
				GCC_DYNAMIC_NO_PIC = NO;
				GCC_NO_COMMON_BLOCKS = YES;
				GCC_OPTIMIZATION_LEVEL = 0;
				GCC_PREPROCESSOR_DEFINITIONS = (
					"DEBUG=1",
					"$(inherited)",
				);
				GCC_WARN_64_TO_32_BIT_CONVERSION = YES;
				GCC_WARN_ABOUT_RETURN_TYPE = YES_ERROR;
				GCC_WARN_UNDECLARED_SELECTOR = YES;
				GCC_WARN_UNINITIALIZED_AUTOS = YES_AGGRESSIVE;
				GCC_WARN_UNUSED_FUNCTION = YES;
				GCC_WARN_UNUSED_VARIABLE = YES;
				INSTALL_PATH = "$(LOCAL_LIBRARY_DIR)/Frameworks";
				LD_RUNPATH_SEARCH_PATHS = "$(inherited) @executable_path/Frameworks @loader_path/Frameworks";
				MTL_ENABLE_DEBUG_INFO = YES;
				SKIP_INSTALL = YES;
				SWIFT_VERSION = 3.0;
				TARGETED_DEVICE_FAMILY = 4;
				VERSIONING_SYSTEM = "apple-generic";
				VERSION_INFO_PREFIX = "";
			};
			name = Debug;
		};
		3B78C6D51BA7634E00173EAC /* Release */ = {
			isa = XCBuildConfiguration;
			baseConfigurationReference = 3B38DBDC1BA76428000986DF /* Release-watchOS.xcconfig */;
			buildSettings = {
				ALWAYS_SEARCH_USER_PATHS = NO;
				CLANG_CXX_LANGUAGE_STANDARD = "gnu++0x";
				CLANG_CXX_LIBRARY = "libc++";
				CLANG_ENABLE_MODULES = YES;
				CLANG_ENABLE_OBJC_ARC = YES;
				CLANG_WARN_BOOL_CONVERSION = YES;
				CLANG_WARN_CONSTANT_CONVERSION = YES;
				CLANG_WARN_DIRECT_OBJC_ISA_USAGE = YES_ERROR;
				CLANG_WARN_EMPTY_BODY = YES;
				CLANG_WARN_ENUM_CONVERSION = YES;
				CLANG_WARN_INT_CONVERSION = YES;
				CLANG_WARN_OBJC_ROOT_CLASS = YES_ERROR;
				CLANG_WARN_UNREACHABLE_CODE = YES;
				CLANG_WARN__DUPLICATE_METHOD_MATCH = YES;
				COPY_PHASE_STRIP = NO;
				DEBUG_INFORMATION_FORMAT = "dwarf-with-dsym";
				DEFINES_MODULE = YES;
				DYLIB_INSTALL_NAME_BASE = "@rpath";
				ENABLE_NS_ASSERTIONS = NO;
				ENABLE_STRICT_OBJC_MSGSEND = YES;
				GCC_C_LANGUAGE_STANDARD = gnu99;
				GCC_NO_COMMON_BLOCKS = YES;
				GCC_WARN_64_TO_32_BIT_CONVERSION = YES;
				GCC_WARN_ABOUT_RETURN_TYPE = YES_ERROR;
				GCC_WARN_UNDECLARED_SELECTOR = YES;
				GCC_WARN_UNINITIALIZED_AUTOS = YES_AGGRESSIVE;
				GCC_WARN_UNUSED_FUNCTION = YES;
				GCC_WARN_UNUSED_VARIABLE = YES;
				INSTALL_PATH = "$(LOCAL_LIBRARY_DIR)/Frameworks";
				LD_RUNPATH_SEARCH_PATHS = "$(inherited) @executable_path/Frameworks @loader_path/Frameworks";
				MTL_ENABLE_DEBUG_INFO = NO;
				SKIP_INSTALL = YES;
				SWIFT_VERSION = 3.0;
				TARGETED_DEVICE_FAMILY = 4;
				VALIDATE_PRODUCT = YES;
				VERSIONING_SYSTEM = "apple-generic";
				VERSION_INFO_PREFIX = "";
			};
			name = Release;
		};
		3BCBACE61BA369AD007F1C90 /* Debug */ = {
			isa = XCBuildConfiguration;
			baseConfigurationReference = 3B38DBD81BA76428000986DF /* Project.xcconfig */;
			buildSettings = {
				CLANG_WARN_BOOL_CONVERSION = YES;
				CLANG_WARN_CONSTANT_CONVERSION = YES;
				CLANG_WARN_EMPTY_BODY = YES;
				CLANG_WARN_ENUM_CONVERSION = YES;
				CLANG_WARN_INT_CONVERSION = YES;
				CLANG_WARN_UNREACHABLE_CODE = YES;
				CLANG_WARN__DUPLICATE_METHOD_MATCH = YES;
				CURRENT_PROJECT_VERSION = 3;
				ENABLE_STRICT_OBJC_MSGSEND = YES;
				ENABLE_TESTABILITY = YES;
				GCC_NO_COMMON_BLOCKS = YES;
				GCC_WARN_64_TO_32_BIT_CONVERSION = YES;
				GCC_WARN_ABOUT_RETURN_TYPE = YES;
				GCC_WARN_UNDECLARED_SELECTOR = YES;
				GCC_WARN_UNINITIALIZED_AUTOS = YES;
				GCC_WARN_UNUSED_FUNCTION = YES;
				GCC_WARN_UNUSED_VARIABLE = YES;
				ONLY_ACTIVE_ARCH = YES;
			};
			name = Debug;
		};
		3BCBACE71BA369AD007F1C90 /* Release */ = {
			isa = XCBuildConfiguration;
			baseConfigurationReference = 3B38DBD81BA76428000986DF /* Project.xcconfig */;
			buildSettings = {
				CLANG_WARN_BOOL_CONVERSION = YES;
				CLANG_WARN_CONSTANT_CONVERSION = YES;
				CLANG_WARN_EMPTY_BODY = YES;
				CLANG_WARN_ENUM_CONVERSION = YES;
				CLANG_WARN_INT_CONVERSION = YES;
				CLANG_WARN_UNREACHABLE_CODE = YES;
				CLANG_WARN__DUPLICATE_METHOD_MATCH = YES;
				CURRENT_PROJECT_VERSION = 3;
				ENABLE_STRICT_OBJC_MSGSEND = YES;
				GCC_NO_COMMON_BLOCKS = YES;
				GCC_WARN_64_TO_32_BIT_CONVERSION = YES;
				GCC_WARN_ABOUT_RETURN_TYPE = YES;
				GCC_WARN_UNDECLARED_SELECTOR = YES;
				GCC_WARN_UNINITIALIZED_AUTOS = YES;
				GCC_WARN_UNUSED_FUNCTION = YES;
				GCC_WARN_UNUSED_VARIABLE = YES;
			};
			name = Release;
		};
/* End XCBuildConfiguration section */

/* Begin XCConfigurationList section */
		3B00E5731BA3782D0011486D /* Build configuration list for PBXNativeTarget "CleanroomDataTransactions-iOS" */ = {
			isa = XCConfigurationList;
			buildConfigurations = (
				3B00E56F1BA3782D0011486D /* Debug */,
				3B00E5701BA3782D0011486D /* Release */,
			);
			defaultConfigurationIsVisible = 0;
			defaultConfigurationName = Release;
		};
		3B00E5741BA3782D0011486D /* Build configuration list for PBXNativeTarget "CleanroomDataTransactionsUnitTests-iOS" */ = {
			isa = XCConfigurationList;
			buildConfigurations = (
				3B00E5711BA3782D0011486D /* Debug */,
				3B00E5721BA3782D0011486D /* Release */,
			);
			defaultConfigurationIsVisible = 0;
			defaultConfigurationName = Release;
		};
		3B00E58D1BA379830011486D /* Build configuration list for PBXNativeTarget "CleanroomDataTransactions-OSX" */ = {
			isa = XCConfigurationList;
			buildConfigurations = (
				3B00E58E1BA379830011486D /* Debug */,
				3B00E58F1BA379830011486D /* Release */,
			);
			defaultConfigurationIsVisible = 0;
			defaultConfigurationName = Release;
		};
		3B00E5901BA379830011486D /* Build configuration list for PBXNativeTarget "CleanroomDataTransactionsUnitTests-OSX" */ = {
			isa = XCConfigurationList;
			buildConfigurations = (
				3B00E5911BA379830011486D /* Debug */,
				3B00E5921BA379830011486D /* Release */,
			);
			defaultConfigurationIsVisible = 0;
			defaultConfigurationName = Release;
		};
		3B00E5AB1BA37A420011486D /* Build configuration list for PBXNativeTarget "CleanroomDataTransactions-tvOS" */ = {
			isa = XCConfigurationList;
			buildConfigurations = (
				3B00E5AC1BA37A420011486D /* Debug */,
				3B00E5AD1BA37A420011486D /* Release */,
			);
			defaultConfigurationIsVisible = 0;
			defaultConfigurationName = Release;
		};
		3B00E5AE1BA37A420011486D /* Build configuration list for PBXNativeTarget "CleanroomDataTransactionsUnitTests-tvOS" */ = {
			isa = XCConfigurationList;
			buildConfigurations = (
				3B00E5AF1BA37A420011486D /* Debug */,
				3B00E5B01BA37A420011486D /* Release */,
			);
			defaultConfigurationIsVisible = 0;
			defaultConfigurationName = Release;
		};
		3B78C6D31BA7634E00173EAC /* Build configuration list for PBXNativeTarget "CleanroomDataTransactions-watchOS" */ = {
			isa = XCConfigurationList;
			buildConfigurations = (
				3B78C6D41BA7634E00173EAC /* Debug */,
				3B78C6D51BA7634E00173EAC /* Release */,
			);
			defaultConfigurationIsVisible = 0;
			defaultConfigurationName = Release;
		};
		3BCBACE51BA369AD007F1C90 /* Build configuration list for PBXProject "CleanroomDataTransactions" */ = {
			isa = XCConfigurationList;
			buildConfigurations = (
				3BCBACE61BA369AD007F1C90 /* Debug */,
				3BCBACE71BA369AD007F1C90 /* Release */,
			);
			defaultConfigurationIsVisible = 0;
			defaultConfigurationName = Release;
		};
/* End XCConfigurationList section */
	};
	rootObject = 3BCBACE21BA369AD007F1C90 /* Project object */;
}
